
Microsoft Visual Studio Solution File, Format Version 12.00
# Visual Studio Version 17
VisualStudioVersion = 17.2.32630.192
MinimumVisualStudioVersion = 10.0.40219.1
Project("{9A19103F-16F7-4668-BE54-9A1E7A4F7556}") = "R5T.L0032.Construction", "R5T.L0032.Construction\R5T.L0032.Construction.csproj", "{9BE75A4B-902D-4900-A338-72605D78AF76}"
EndProject
Project("{9A19103F-16F7-4668-BE54-9A1E7A4F7556}") = "R5T.L0032", "R5T.L0032\R5T.L0032.csproj", "{D6D5C247-423A-4A92-AB27-045769849A2F}"
EndProject
Project("{9A19103F-16F7-4668-BE54-9A1E7A4F7556}") = "R5T.L0032.T000", "R5T.L0032.T000\R5T.L0032.T000.csproj", "{D876EF13-6BC4-4274-A96B-3381323B6D79}"
EndProject
Project("{2150E333-8FDC-42A3-9474-1A3956D46DE8}") = "_Dependencies", "_Dependencies", "{820537D4-E46A-4F23-B086-E4D20DF29199}"
EndProject
Project("{9A19103F-16F7-4668-BE54-9A1E7A4F7556}") = "R5T.F0000", "..\..\R5T.F0000\source\R5T.F0000\R5T.F0000.csproj", "{3AD0805F-1405-4866-BE19-E142058D4B58}"
EndProject
Project("{9A19103F-16F7-4668-BE54-9A1E7A4F7556}") = "R5T.T0131", "..\..\R5T.T0131\source\R5T.T0131\R5T.T0131.csproj", "{36198B9C-C7BD-4E0F-9658-C13E2DE230B9}"
EndProject
Project("{9A19103F-16F7-4668-BE54-9A1E7A4F7556}") = "R5T.T0132", "..\..\R5T.T0132\source\R5T.T0132\R5T.T0132.csproj", "{F469E755-393D-4B83-8843-49A8B449AA9D}"
EndProject
Project("{9A19103F-16F7-4668-BE54-9A1E7A4F7556}") = "R5T.T0142", "..\..\R5T.T0142\source\R5T.T0142\R5T.T0142.csproj", "{10007D14-2DC9-4221-A973-C539CF9C9404}"
EndProject
Project("{9A19103F-16F7-4668-BE54-9A1E7A4F7556}") = "R5T.T0143", "..\..\R5T.T0143\source\R5T.T0143\R5T.T0143.csproj", "{DD68B3B8-5484-41F1-A9E0-764C50D90017}"
EndProject
Project("{9A19103F-16F7-4668-BE54-9A1E7A4F7556}") = "R5T.T0156", "..\..\R5T.T0156\source\R5T.T0156\R5T.T0156.csproj", "{30D3B063-6CEB-43A0-80B2-823383FDE193}"
EndProject
Project("{9A19103F-16F7-4668-BE54-9A1E7A4F7556}") = "R5T.Y0000", "..\..\R5T.Y0000\source\R5T.Y0000\R5T.Y0000.csproj", "{940ADD1E-6F78-4329-8661-C6F88632E05E}"
EndProject
Project("{9A19103F-16F7-4668-BE54-9A1E7A4F7556}") = "R5T.Z0000", "..\..\R5T.Z0000\source\R5T.Z0000\R5T.Z0000.csproj", "{A363EE00-3E36-49B8-8E5D-E74ECF48346F}"
EndProject
Project("{9A19103F-16F7-4668-BE54-9A1E7A4F7556}") = "R5T.T0178", "..\..\R5T.T0178\source\R5T.T0178\R5T.T0178.csproj", "{EA289010-5026-4F81-BA79-CA7799BAC711}"
EndProject
Project("{9A19103F-16F7-4668-BE54-9A1E7A4F7556}") = "R5T.T0179", "..\..\R5T.T0179\source\R5T.T0179\R5T.T0179.csproj", "{3ABC9338-F80C-426A-A36A-2C11496D3B75}"
EndProject
Project("{9A19103F-16F7-4668-BE54-9A1E7A4F7556}") = "R5T.F0002", "..\..\R5T.F0002\source\R5T.F0002\R5T.F0002.csproj", "{F11D6EF9-7F0E-4074-9572-1976CD19FE70}"
EndProject
Project("{9A19103F-16F7-4668-BE54-9A1E7A4F7556}") = "R5T.F0120", "..\..\R5T.F0120\source\R5T.F0120\R5T.F0120.csproj", "{0306283B-A82C-4979-9014-C036E09809F3}"
EndProject
Project("{9A19103F-16F7-4668-BE54-9A1E7A4F7556}") = "R5T.L0030", "..\..\R5T.L0030\source\R5T.L0030\R5T.L0030.csproj", "{A8845497-1FFA-4B73-AD59-7069E4523608}"
EndProject
Project("{9A19103F-16F7-4668-BE54-9A1E7A4F7556}") = "R5T.T0141", "..\..\R5T.T0141\source\R5T.T0141\R5T.T0141.csproj", "{6BFE0EF2-1983-4555-B23B-3D6F79A4A4AD}"
EndProject
Project("{9A19103F-16F7-4668-BE54-9A1E7A4F7556}") = "R5T.T0180", "..\..\R5T.T0180\source\R5T.T0180\R5T.T0180.csproj", "{A19A1EC3-BB68-42A1-8D26-86985A69B437}"
EndProject
Project("{9A19103F-16F7-4668-BE54-9A1E7A4F7556}") = "R5T.T0181", "..\..\R5T.T0181\source\R5T.T0181\R5T.T0181.csproj", "{DA2AA8BA-7E24-43B0-B338-783BF8C5D3BD}"
EndProject
Project("{9A19103F-16F7-4668-BE54-9A1E7A4F7556}") = "R5T.T0172", "..\..\R5T.T0172\source\R5T.T0172\R5T.T0172.csproj", "{BD740C51-CDA8-40DC-B6AF-533E1C09AED0}"
EndProject
Project("{9A19103F-16F7-4668-BE54-9A1E7A4F7556}") = "R5T.L0032.Z000", "R5T.L0032.Z000\R5T.L0032.Z000.csproj", "{A4D0A008-CC6C-4A0E-996E-50CC168F0917}"
EndProject
Project("{9A19103F-16F7-4668-BE54-9A1E7A4F7556}") = "R5T.L0030.T000", "..\..\R5T.L0030\source\R5T.L0030.T000\R5T.L0030.T000.csproj", "{53D3CF11-1210-40A1-8604-A81B8FB7587F}"
EndProject
Project("{9A19103F-16F7-4668-BE54-9A1E7A4F7556}") = "R5T.F0124", "..\..\R5T.F0124\source\R5T.F0124\R5T.F0124.csproj", "{577660FC-F232-4E0F-B53D-D93AF093CABC}"
EndProject
Project("{9A19103F-16F7-4668-BE54-9A1E7A4F7556}") = "R5T.L0034", "..\..\R5T.L0034\source\R5T.L0034\R5T.L0034.csproj", "{59EBBCB8-B55C-44BC-B7B1-92902C26729C}"
EndProject
Project("{9A19103F-16F7-4668-BE54-9A1E7A4F7556}") = "R5T.T0150", "..\..\R5T.T0150\source\R5T.T0150\R5T.T0150.csproj", "{8B95DC83-CE3D-488D-864A-75713E26DEF0}"
EndProject
Project("{9A19103F-16F7-4668-BE54-9A1E7A4F7556}") = "R5T.T0151", "..\..\R5T.T0151\source\R5T.T0151\R5T.T0151.csproj", "{768BF2A0-D893-4A69-8144-840AD3A49CE5}"
EndProject
Project("{9A19103F-16F7-4668-BE54-9A1E7A4F7556}") = "R5T.T0174", "..\..\R5T.T0174\source\R5T.T0174\R5T.T0174.csproj", "{4101F4E4-5E8F-4887-8D68-226E528D740E}"
EndProject
Project("{9A19103F-16F7-4668-BE54-9A1E7A4F7556}") = "R5T.T0176", "..\..\R5T.T0176\source\R5T.T0176\R5T.T0176.csproj", "{8F8F3390-9778-4D07-8165-B5DE33E7B346}"
EndProject
Project("{9A19103F-16F7-4668-BE54-9A1E7A4F7556}") = "R5T.T0177", "..\..\R5T.T0177\source\R5T.T0177\R5T.T0177.csproj", "{94145F1F-1F8F-4C8F-B7F4-F36D8FE3F3C7}"
EndProject
Project("{9A19103F-16F7-4668-BE54-9A1E7A4F7556}") = "R5T.T0185", "..\..\R5T.T0185\source\R5T.T0185\R5T.T0185.csproj", "{07B0918F-50BA-4CFD-9183-00AC2F9CBE98}"
EndProject
Project("{9A19103F-16F7-4668-BE54-9A1E7A4F7556}") = "R5T.T0198", "..\..\R5T.T0198\source\R5T.T0198\R5T.T0198.csproj", "{EE740549-13D8-4E5B-9EAE-F7FD2ECA5D4D}"
EndProject
Project("{9A19103F-16F7-4668-BE54-9A1E7A4F7556}") = "R5T.T0202", "..\..\R5T.T0202\source\R5T.T0202\R5T.T0202.csproj", "{41881F56-1220-40E6-B214-969E142B652D}"
EndProject
Project("{9A19103F-16F7-4668-BE54-9A1E7A4F7556}") = "R5T.T0203", "..\..\R5T.T0203\source\R5T.T0203\R5T.T0203.csproj", "{528D1A4D-2575-4F55-BD69-06127CDBABC6}"
EndProject
Project("{9A19103F-16F7-4668-BE54-9A1E7A4F7556}") = "R5T.T0205", "..\..\R5T.T0205\source\R5T.T0205\R5T.T0205.csproj", "{FC2D6006-A8ED-4B89-9C1E-5C0E454C7139}"
EndProject
Project("{9A19103F-16F7-4668-BE54-9A1E7A4F7556}") = "R5T.T0206", "..\..\R5T.T0206\source\R5T.T0206\R5T.T0206.csproj", "{418E0126-35B0-4345-86CD-E614801BC557}"
EndProject
Project("{9A19103F-16F7-4668-BE54-9A1E7A4F7556}") = "R5T.NG0022", "..\..\R5T.NG0022\source\R5T.NG0022\R5T.NG0022.csproj", "{2894A773-8F4A-44F4-8D5C-64B4E75A88CE}"
EndProject
Project("{9A19103F-16F7-4668-BE54-9A1E7A4F7556}") = "R5T.T0208", "..\..\R5T.T0208\source\R5T.T0208\R5T.T0208.csproj", "{1F4D94D3-BB2C-4E35-ADDF-5328B8C68D77}"
EndProject
Global
	GlobalSection(NestedProjects) = preSolution
		{3AD0805F-1405-4866-BE19-E142058D4B58} = {820537D4-E46A-4F23-B086-E4D20DF29199}
		{36198B9C-C7BD-4E0F-9658-C13E2DE230B9} = {820537D4-E46A-4F23-B086-E4D20DF29199}
		{F469E755-393D-4B83-8843-49A8B449AA9D} = {820537D4-E46A-4F23-B086-E4D20DF29199}
		{10007D14-2DC9-4221-A973-C539CF9C9404} = {820537D4-E46A-4F23-B086-E4D20DF29199}
		{DD68B3B8-5484-41F1-A9E0-764C50D90017} = {820537D4-E46A-4F23-B086-E4D20DF29199}
		{30D3B063-6CEB-43A0-80B2-823383FDE193} = {820537D4-E46A-4F23-B086-E4D20DF29199}
		{940ADD1E-6F78-4329-8661-C6F88632E05E} = {820537D4-E46A-4F23-B086-E4D20DF29199}
		{A363EE00-3E36-49B8-8E5D-E74ECF48346F} = {820537D4-E46A-4F23-B086-E4D20DF29199}
		{EA289010-5026-4F81-BA79-CA7799BAC711} = {820537D4-E46A-4F23-B086-E4D20DF29199}
		{3ABC9338-F80C-426A-A36A-2C11496D3B75} = {820537D4-E46A-4F23-B086-E4D20DF29199}
		{F11D6EF9-7F0E-4074-9572-1976CD19FE70} = {820537D4-E46A-4F23-B086-E4D20DF29199}
		{0306283B-A82C-4979-9014-C036E09809F3} = {820537D4-E46A-4F23-B086-E4D20DF29199}
		{A8845497-1FFA-4B73-AD59-7069E4523608} = {820537D4-E46A-4F23-B086-E4D20DF29199}
		{6BFE0EF2-1983-4555-B23B-3D6F79A4A4AD} = {820537D4-E46A-4F23-B086-E4D20DF29199}
		{A19A1EC3-BB68-42A1-8D26-86985A69B437} = {820537D4-E46A-4F23-B086-E4D20DF29199}
		{DA2AA8BA-7E24-43B0-B338-783BF8C5D3BD} = {820537D4-E46A-4F23-B086-E4D20DF29199}
		{BD740C51-CDA8-40DC-B6AF-533E1C09AED0} = {820537D4-E46A-4F23-B086-E4D20DF29199}
		{53D3CF11-1210-40A1-8604-A81B8FB7587F} = {820537D4-E46A-4F23-B086-E4D20DF29199}
		{577660FC-F232-4E0F-B53D-D93AF093CABC} = {820537D4-E46A-4F23-B086-E4D20DF29199}
		{59EBBCB8-B55C-44BC-B7B1-92902C26729C} = {820537D4-E46A-4F23-B086-E4D20DF29199}
		{8B95DC83-CE3D-488D-864A-75713E26DEF0} = {820537D4-E46A-4F23-B086-E4D20DF29199}
		{768BF2A0-D893-4A69-8144-840AD3A49CE5} = {820537D4-E46A-4F23-B086-E4D20DF29199}
		{4101F4E4-5E8F-4887-8D68-226E528D740E} = {820537D4-E46A-4F23-B086-E4D20DF29199}
		{8F8F3390-9778-4D07-8165-B5DE33E7B346} = {820537D4-E46A-4F23-B086-E4D20DF29199}
		{94145F1F-1F8F-4C8F-B7F4-F36D8FE3F3C7} = {820537D4-E46A-4F23-B086-E4D20DF29199}
		{07B0918F-50BA-4CFD-9183-00AC2F9CBE98} = {820537D4-E46A-4F23-B086-E4D20DF29199}
		{EE740549-13D8-4E5B-9EAE-F7FD2ECA5D4D} = {820537D4-E46A-4F23-B086-E4D20DF29199}
		{41881F56-1220-40E6-B214-969E142B652D} = {820537D4-E46A-4F23-B086-E4D20DF29199}
		{528D1A4D-2575-4F55-BD69-06127CDBABC6} = {820537D4-E46A-4F23-B086-E4D20DF29199}
		{FC2D6006-A8ED-4B89-9C1E-5C0E454C7139} = {820537D4-E46A-4F23-B086-E4D20DF29199}
		{418E0126-35B0-4345-86CD-E614801BC557} = {820537D4-E46A-4F23-B086-E4D20DF29199}
		{2894A773-8F4A-44F4-8D5C-64B4E75A88CE} = {820537D4-E46A-4F23-B086-E4D20DF29199}
		{1F4D94D3-BB2C-4E35-ADDF-5328B8C68D77} = {820537D4-E46A-4F23-B086-E4D20DF29199}
	EndGlobalSection
	GlobalSection(SolutionConfigurationPlatforms) = preSolution
		Debug|Any CPU = Debug|Any CPU
		Release|Any CPU = Release|Any CPU
	EndGlobalSection
	GlobalSection(ProjectConfigurationPlatforms) = postSolution
		{9BE75A4B-902D-4900-A338-72605D78AF76}.Debug|Any CPU.ActiveCfg = Debug|Any CPU
		{9BE75A4B-902D-4900-A338-72605D78AF76}.Debug|Any CPU.Build.0 = Debug|Any CPU
		{9BE75A4B-902D-4900-A338-72605D78AF76}.Release|Any CPU.ActiveCfg = Release|Any CPU
		{9BE75A4B-902D-4900-A338-72605D78AF76}.Release|Any CPU.Build.0 = Release|Any CPU
		{D6D5C247-423A-4A92-AB27-045769849A2F}.Debug|Any CPU.ActiveCfg = Debug|Any CPU
		{D6D5C247-423A-4A92-AB27-045769849A2F}.Debug|Any CPU.Build.0 = Debug|Any CPU
		{D6D5C247-423A-4A92-AB27-045769849A2F}.Release|Any CPU.ActiveCfg = Release|Any CPU
		{D6D5C247-423A-4A92-AB27-045769849A2F}.Release|Any CPU.Build.0 = Release|Any CPU
		{D876EF13-6BC4-4274-A96B-3381323B6D79}.Debug|Any CPU.ActiveCfg = Debug|Any CPU
		{D876EF13-6BC4-4274-A96B-3381323B6D79}.Debug|Any CPU.Build.0 = Debug|Any CPU
		{D876EF13-6BC4-4274-A96B-3381323B6D79}.Release|Any CPU.ActiveCfg = Release|Any CPU
		{D876EF13-6BC4-4274-A96B-3381323B6D79}.Release|Any CPU.Build.0 = Release|Any CPU
		{3AD0805F-1405-4866-BE19-E142058D4B58}.Debug|Any CPU.ActiveCfg = Debug|Any CPU
		{3AD0805F-1405-4866-BE19-E142058D4B58}.Debug|Any CPU.Build.0 = Debug|Any CPU
		{3AD0805F-1405-4866-BE19-E142058D4B58}.Release|Any CPU.ActiveCfg = Release|Any CPU
		{3AD0805F-1405-4866-BE19-E142058D4B58}.Release|Any CPU.Build.0 = Release|Any CPU
		{36198B9C-C7BD-4E0F-9658-C13E2DE230B9}.Debug|Any CPU.ActiveCfg = Debug|Any CPU
		{36198B9C-C7BD-4E0F-9658-C13E2DE230B9}.Debug|Any CPU.Build.0 = Debug|Any CPU
		{36198B9C-C7BD-4E0F-9658-C13E2DE230B9}.Release|Any CPU.ActiveCfg = Release|Any CPU
		{36198B9C-C7BD-4E0F-9658-C13E2DE230B9}.Release|Any CPU.Build.0 = Release|Any CPU
		{F469E755-393D-4B83-8843-49A8B449AA9D}.Debug|Any CPU.ActiveCfg = Debug|Any CPU
		{F469E755-393D-4B83-8843-49A8B449AA9D}.Debug|Any CPU.Build.0 = Debug|Any CPU
		{F469E755-393D-4B83-8843-49A8B449AA9D}.Release|Any CPU.ActiveCfg = Release|Any CPU
		{F469E755-393D-4B83-8843-49A8B449AA9D}.Release|Any CPU.Build.0 = Release|Any CPU
		{10007D14-2DC9-4221-A973-C539CF9C9404}.Debug|Any CPU.ActiveCfg = Debug|Any CPU
		{10007D14-2DC9-4221-A973-C539CF9C9404}.Debug|Any CPU.Build.0 = Debug|Any CPU
		{10007D14-2DC9-4221-A973-C539CF9C9404}.Release|Any CPU.ActiveCfg = Release|Any CPU
		{10007D14-2DC9-4221-A973-C539CF9C9404}.Release|Any CPU.Build.0 = Release|Any CPU
		{DD68B3B8-5484-41F1-A9E0-764C50D90017}.Debug|Any CPU.ActiveCfg = Debug|Any CPU
		{DD68B3B8-5484-41F1-A9E0-764C50D90017}.Debug|Any CPU.Build.0 = Debug|Any CPU
		{DD68B3B8-5484-41F1-A9E0-764C50D90017}.Release|Any CPU.ActiveCfg = Release|Any CPU
		{DD68B3B8-5484-41F1-A9E0-764C50D90017}.Release|Any CPU.Build.0 = Release|Any CPU
		{30D3B063-6CEB-43A0-80B2-823383FDE193}.Debug|Any CPU.ActiveCfg = Debug|Any CPU
		{30D3B063-6CEB-43A0-80B2-823383FDE193}.Debug|Any CPU.Build.0 = Debug|Any CPU
		{30D3B063-6CEB-43A0-80B2-823383FDE193}.Release|Any CPU.ActiveCfg = Release|Any CPU
		{30D3B063-6CEB-43A0-80B2-823383FDE193}.Release|Any CPU.Build.0 = Release|Any CPU
		{940ADD1E-6F78-4329-8661-C6F88632E05E}.Debug|Any CPU.ActiveCfg = Debug|Any CPU
		{940ADD1E-6F78-4329-8661-C6F88632E05E}.Debug|Any CPU.Build.0 = Debug|Any CPU
		{940ADD1E-6F78-4329-8661-C6F88632E05E}.Release|Any CPU.ActiveCfg = Release|Any CPU
		{940ADD1E-6F78-4329-8661-C6F88632E05E}.Release|Any CPU.Build.0 = Release|Any CPU
		{A363EE00-3E36-49B8-8E5D-E74ECF48346F}.Debug|Any CPU.ActiveCfg = Debug|Any CPU
		{A363EE00-3E36-49B8-8E5D-E74ECF48346F}.Debug|Any CPU.Build.0 = Debug|Any CPU
		{A363EE00-3E36-49B8-8E5D-E74ECF48346F}.Release|Any CPU.ActiveCfg = Release|Any CPU
		{A363EE00-3E36-49B8-8E5D-E74ECF48346F}.Release|Any CPU.Build.0 = Release|Any CPU
		{EA289010-5026-4F81-BA79-CA7799BAC711}.Debug|Any CPU.ActiveCfg = Debug|Any CPU
		{EA289010-5026-4F81-BA79-CA7799BAC711}.Debug|Any CPU.Build.0 = Debug|Any CPU
		{EA289010-5026-4F81-BA79-CA7799BAC711}.Release|Any CPU.ActiveCfg = Release|Any CPU
		{EA289010-5026-4F81-BA79-CA7799BAC711}.Release|Any CPU.Build.0 = Release|Any CPU
		{3ABC9338-F80C-426A-A36A-2C11496D3B75}.Debug|Any CPU.ActiveCfg = Debug|Any CPU
		{3ABC9338-F80C-426A-A36A-2C11496D3B75}.Debug|Any CPU.Build.0 = Debug|Any CPU
		{3ABC9338-F80C-426A-A36A-2C11496D3B75}.Release|Any CPU.ActiveCfg = Release|Any CPU
		{3ABC9338-F80C-426A-A36A-2C11496D3B75}.Release|Any CPU.Build.0 = Release|Any CPU
		{F11D6EF9-7F0E-4074-9572-1976CD19FE70}.Debug|Any CPU.ActiveCfg = Debug|Any CPU
		{F11D6EF9-7F0E-4074-9572-1976CD19FE70}.Debug|Any CPU.Build.0 = Debug|Any CPU
		{F11D6EF9-7F0E-4074-9572-1976CD19FE70}.Release|Any CPU.ActiveCfg = Release|Any CPU
		{F11D6EF9-7F0E-4074-9572-1976CD19FE70}.Release|Any CPU.Build.0 = Release|Any CPU
		{0306283B-A82C-4979-9014-C036E09809F3}.Debug|Any CPU.ActiveCfg = Debug|Any CPU
		{0306283B-A82C-4979-9014-C036E09809F3}.Debug|Any CPU.Build.0 = Debug|Any CPU
		{0306283B-A82C-4979-9014-C036E09809F3}.Release|Any CPU.ActiveCfg = Release|Any CPU
		{0306283B-A82C-4979-9014-C036E09809F3}.Release|Any CPU.Build.0 = Release|Any CPU
		{A8845497-1FFA-4B73-AD59-7069E4523608}.Debug|Any CPU.ActiveCfg = Debug|Any CPU
		{A8845497-1FFA-4B73-AD59-7069E4523608}.Debug|Any CPU.Build.0 = Debug|Any CPU
		{A8845497-1FFA-4B73-AD59-7069E4523608}.Release|Any CPU.ActiveCfg = Release|Any CPU
		{A8845497-1FFA-4B73-AD59-7069E4523608}.Release|Any CPU.Build.0 = Release|Any CPU
		{6BFE0EF2-1983-4555-B23B-3D6F79A4A4AD}.Debug|Any CPU.ActiveCfg = Debug|Any CPU
		{6BFE0EF2-1983-4555-B23B-3D6F79A4A4AD}.Debug|Any CPU.Build.0 = Debug|Any CPU
		{6BFE0EF2-1983-4555-B23B-3D6F79A4A4AD}.Release|Any CPU.ActiveCfg = Release|Any CPU
		{6BFE0EF2-1983-4555-B23B-3D6F79A4A4AD}.Release|Any CPU.Build.0 = Release|Any CPU
		{A19A1EC3-BB68-42A1-8D26-86985A69B437}.Debug|Any CPU.ActiveCfg = Debug|Any CPU
		{A19A1EC3-BB68-42A1-8D26-86985A69B437}.Debug|Any CPU.Build.0 = Debug|Any CPU
		{A19A1EC3-BB68-42A1-8D26-86985A69B437}.Release|Any CPU.ActiveCfg = Release|Any CPU
		{A19A1EC3-BB68-42A1-8D26-86985A69B437}.Release|Any CPU.Build.0 = Release|Any CPU
		{DA2AA8BA-7E24-43B0-B338-783BF8C5D3BD}.Debug|Any CPU.ActiveCfg = Debug|Any CPU
		{DA2AA8BA-7E24-43B0-B338-783BF8C5D3BD}.Debug|Any CPU.Build.0 = Debug|Any CPU
		{DA2AA8BA-7E24-43B0-B338-783BF8C5D3BD}.Release|Any CPU.ActiveCfg = Release|Any CPU
		{DA2AA8BA-7E24-43B0-B338-783BF8C5D3BD}.Release|Any CPU.Build.0 = Release|Any CPU
		{BD740C51-CDA8-40DC-B6AF-533E1C09AED0}.Debug|Any CPU.ActiveCfg = Debug|Any CPU
		{BD740C51-CDA8-40DC-B6AF-533E1C09AED0}.Debug|Any CPU.Build.0 = Debug|Any CPU
		{BD740C51-CDA8-40DC-B6AF-533E1C09AED0}.Release|Any CPU.ActiveCfg = Release|Any CPU
		{BD740C51-CDA8-40DC-B6AF-533E1C09AED0}.Release|Any CPU.Build.0 = Release|Any CPU
		{A4D0A008-CC6C-4A0E-996E-50CC168F0917}.Debug|Any CPU.ActiveCfg = Debug|Any CPU
		{A4D0A008-CC6C-4A0E-996E-50CC168F0917}.Debug|Any CPU.Build.0 = Debug|Any CPU
		{A4D0A008-CC6C-4A0E-996E-50CC168F0917}.Release|Any CPU.ActiveCfg = Release|Any CPU
		{A4D0A008-CC6C-4A0E-996E-50CC168F0917}.Release|Any CPU.Build.0 = Release|Any CPU
		{53D3CF11-1210-40A1-8604-A81B8FB7587F}.Debug|Any CPU.ActiveCfg = Debug|Any CPU
		{53D3CF11-1210-40A1-8604-A81B8FB7587F}.Debug|Any CPU.Build.0 = Debug|Any CPU
		{53D3CF11-1210-40A1-8604-A81B8FB7587F}.Release|Any CPU.ActiveCfg = Release|Any CPU
		{53D3CF11-1210-40A1-8604-A81B8FB7587F}.Release|Any CPU.Build.0 = Release|Any CPU
		{577660FC-F232-4E0F-B53D-D93AF093CABC}.Debug|Any CPU.ActiveCfg = Debug|Any CPU
		{577660FC-F232-4E0F-B53D-D93AF093CABC}.Debug|Any CPU.Build.0 = Debug|Any CPU
		{577660FC-F232-4E0F-B53D-D93AF093CABC}.Release|Any CPU.ActiveCfg = Release|Any CPU
		{577660FC-F232-4E0F-B53D-D93AF093CABC}.Release|Any CPU.Build.0 = Release|Any CPU
		{59EBBCB8-B55C-44BC-B7B1-92902C26729C}.Debug|Any CPU.ActiveCfg = Debug|Any CPU
		{59EBBCB8-B55C-44BC-B7B1-92902C26729C}.Debug|Any CPU.Build.0 = Debug|Any CPU
		{59EBBCB8-B55C-44BC-B7B1-92902C26729C}.Release|Any CPU.ActiveCfg = Release|Any CPU
		{59EBBCB8-B55C-44BC-B7B1-92902C26729C}.Release|Any CPU.Build.0 = Release|Any CPU
		{8B95DC83-CE3D-488D-864A-75713E26DEF0}.Debug|Any CPU.ActiveCfg = Debug|Any CPU
		{8B95DC83-CE3D-488D-864A-75713E26DEF0}.Debug|Any CPU.Build.0 = Debug|Any CPU
		{8B95DC83-CE3D-488D-864A-75713E26DEF0}.Release|Any CPU.ActiveCfg = Release|Any CPU
		{8B95DC83-CE3D-488D-864A-75713E26DEF0}.Release|Any CPU.Build.0 = Release|Any CPU
		{768BF2A0-D893-4A69-8144-840AD3A49CE5}.Debug|Any CPU.ActiveCfg = Debug|Any CPU
		{768BF2A0-D893-4A69-8144-840AD3A49CE5}.Debug|Any CPU.Build.0 = Debug|Any CPU
		{768BF2A0-D893-4A69-8144-840AD3A49CE5}.Release|Any CPU.ActiveCfg = Release|Any CPU
		{768BF2A0-D893-4A69-8144-840AD3A49CE5}.Release|Any CPU.Build.0 = Release|Any CPU
		{4101F4E4-5E8F-4887-8D68-226E528D740E}.Debug|Any CPU.ActiveCfg = Debug|Any CPU
		{4101F4E4-5E8F-4887-8D68-226E528D740E}.Debug|Any CPU.Build.0 = Debug|Any CPU
		{4101F4E4-5E8F-4887-8D68-226E528D740E}.Release|Any CPU.ActiveCfg = Release|Any CPU
		{4101F4E4-5E8F-4887-8D68-226E528D740E}.Release|Any CPU.Build.0 = Release|Any CPU
		{8F8F3390-9778-4D07-8165-B5DE33E7B346}.Debug|Any CPU.ActiveCfg = Debug|Any CPU
		{8F8F3390-9778-4D07-8165-B5DE33E7B346}.Debug|Any CPU.Build.0 = Debug|Any CPU
		{8F8F3390-9778-4D07-8165-B5DE33E7B346}.Release|Any CPU.ActiveCfg = Release|Any CPU
		{8F8F3390-9778-4D07-8165-B5DE33E7B346}.Release|Any CPU.Build.0 = Release|Any CPU
		{94145F1F-1F8F-4C8F-B7F4-F36D8FE3F3C7}.Debug|Any CPU.ActiveCfg = Debug|Any CPU
		{94145F1F-1F8F-4C8F-B7F4-F36D8FE3F3C7}.Debug|Any CPU.Build.0 = Debug|Any CPU
		{94145F1F-1F8F-4C8F-B7F4-F36D8FE3F3C7}.Release|Any CPU.ActiveCfg = Release|Any CPU
		{94145F1F-1F8F-4C8F-B7F4-F36D8FE3F3C7}.Release|Any CPU.Build.0 = Release|Any CPU
		{07B0918F-50BA-4CFD-9183-00AC2F9CBE98}.Debug|Any CPU.ActiveCfg = Debug|Any CPU
		{07B0918F-50BA-4CFD-9183-00AC2F9CBE98}.Debug|Any CPU.Build.0 = Debug|Any CPU
		{07B0918F-50BA-4CFD-9183-00AC2F9CBE98}.Release|Any CPU.ActiveCfg = Release|Any CPU
		{07B0918F-50BA-4CFD-9183-00AC2F9CBE98}.Release|Any CPU.Build.0 = Release|Any CPU
		{EE740549-13D8-4E5B-9EAE-F7FD2ECA5D4D}.Debug|Any CPU.ActiveCfg = Debug|Any CPU
		{EE740549-13D8-4E5B-9EAE-F7FD2ECA5D4D}.Debug|Any CPU.Build.0 = Debug|Any CPU
		{EE740549-13D8-4E5B-9EAE-F7FD2ECA5D4D}.Release|Any CPU.ActiveCfg = Release|Any CPU
		{EE740549-13D8-4E5B-9EAE-F7FD2ECA5D4D}.Release|Any CPU.Build.0 = Release|Any CPU
		{41881F56-1220-40E6-B214-969E142B652D}.Debug|Any CPU.ActiveCfg = Debug|Any CPU
		{41881F56-1220-40E6-B214-969E142B652D}.Debug|Any CPU.Build.0 = Debug|Any CPU
		{41881F56-1220-40E6-B214-969E142B652D}.Release|Any CPU.ActiveCfg = Release|Any CPU
		{41881F56-1220-40E6-B214-969E142B652D}.Release|Any CPU.Build.0 = Release|Any CPU
		{528D1A4D-2575-4F55-BD69-06127CDBABC6}.Debug|Any CPU.ActiveCfg = Debug|Any CPU
		{528D1A4D-2575-4F55-BD69-06127CDBABC6}.Debug|Any CPU.Build.0 = Debug|Any CPU
		{528D1A4D-2575-4F55-BD69-06127CDBABC6}.Release|Any CPU.ActiveCfg = Release|Any CPU
		{528D1A4D-2575-4F55-BD69-06127CDBABC6}.Release|Any CPU.Build.0 = Release|Any CPU
		{FC2D6006-A8ED-4B89-9C1E-5C0E454C7139}.Debug|Any CPU.ActiveCfg = Debug|Any CPU
		{FC2D6006-A8ED-4B89-9C1E-5C0E454C7139}.Debug|Any CPU.Build.0 = Debug|Any CPU
		{FC2D6006-A8ED-4B89-9C1E-5C0E454C7139}.Release|Any CPU.ActiveCfg = Release|Any CPU
		{FC2D6006-A8ED-4B89-9C1E-5C0E454C7139}.Release|Any CPU.Build.0 = Release|Any CPU
		{418E0126-35B0-4345-86CD-E614801BC557}.Debug|Any CPU.ActiveCfg = Debug|Any CPU
		{418E0126-35B0-4345-86CD-E614801BC557}.Debug|Any CPU.Build.0 = Debug|Any CPU
		{418E0126-35B0-4345-86CD-E614801BC557}.Release|Any CPU.ActiveCfg = Release|Any CPU
		{418E0126-35B0-4345-86CD-E614801BC557}.Release|Any CPU.Build.0 = Release|Any CPU
		{2894A773-8F4A-44F4-8D5C-64B4E75A88CE}.Debug|Any CPU.ActiveCfg = Debug|Any CPU
		{2894A773-8F4A-44F4-8D5C-64B4E75A88CE}.Debug|Any CPU.Build.0 = Debug|Any CPU
		{2894A773-8F4A-44F4-8D5C-64B4E75A88CE}.Release|Any CPU.ActiveCfg = Release|Any CPU
		{2894A773-8F4A-44F4-8D5C-64B4E75A88CE}.Release|Any CPU.Build.0 = Release|Any CPU
		{1F4D94D3-BB2C-4E35-ADDF-5328B8C68D77}.Debug|Any CPU.ActiveCfg = Debug|Any CPU
		{1F4D94D3-BB2C-4E35-ADDF-5328B8C68D77}.Debug|Any CPU.Build.0 = Debug|Any CPU
		{1F4D94D3-BB2C-4E35-ADDF-5328B8C68D77}.Release|Any CPU.ActiveCfg = Release|Any CPU
		{1F4D94D3-BB2C-4E35-ADDF-5328B8C68D77}.Release|Any CPU.Build.0 = Release|Any CPU
	EndGlobalSection
	GlobalSection(SolutionProperties) = preSolution
		HideSolutionNode = FALSE
	EndGlobalSection
	GlobalSection(ExtensibilityGlobals) = postSolution
		SolutionGuid = {E360FF0D-533D-45C4-922F-E522F9F1C0F9}
	EndGlobalSection
EndGlobal
