
Microsoft Visual Studio Solution File, Format Version 12.00
# Visual Studio Version 17
VisualStudioVersion = 17.2.32630.192
MinimumVisualStudioVersion = 10.0.40219.1
Project("{9A19103F-16F7-4668-BE54-9A1E7A4F7556}") = "R5T.L0032", "R5T.L0032\R5T.L0032.csproj", "{378D521D-7B43-4056-9A05-32623EA929CE}"
EndProject
Project("{2150E333-8FDC-42A3-9474-1A3956D46DE8}") = "_Dependencies", "_Dependencies", "{23B8ED3D-4BDC-4D20-8ED6-51BD9ED0EA54}"
EndProject
Project("{9A19103F-16F7-4668-BE54-9A1E7A4F7556}") = "R5T.F0000", "..\..\R5T.F0000\source\R5T.F0000\R5T.F0000.csproj", "{2C779831-B7FB-4DC2-9204-D8DD006E073C}"
EndProject
Project("{9A19103F-16F7-4668-BE54-9A1E7A4F7556}") = "R5T.F0002", "..\..\R5T.F0002\source\R5T.F0002\R5T.F0002.csproj", "{982C85DE-AC84-4E84-9FCC-DA3728CAEAE4}"
EndProject
Project("{9A19103F-16F7-4668-BE54-9A1E7A4F7556}") = "R5T.F0120", "..\..\R5T.F0120\source\R5T.F0120\R5T.F0120.csproj", "{8874244F-548D-4DAE-9C35-6A233C2A8B17}"
EndProject
Project("{9A19103F-16F7-4668-BE54-9A1E7A4F7556}") = "R5T.L0030", "..\..\R5T.L0030\source\R5T.L0030\R5T.L0030.csproj", "{38705F0E-E4BD-4C88-9598-C608F718B708}"
EndProject
Project("{9A19103F-16F7-4668-BE54-9A1E7A4F7556}") = "R5T.L0032.T000", "R5T.L0032.T000\R5T.L0032.T000.csproj", "{3B494898-94E5-4CA9-8DF4-D52E256844EE}"
EndProject
Project("{9A19103F-16F7-4668-BE54-9A1E7A4F7556}") = "R5T.T0131", "..\..\R5T.T0131\source\R5T.T0131\R5T.T0131.csproj", "{737C3D87-3402-4865-AC69-8F7A367FD8B4}"
EndProject
Project("{9A19103F-16F7-4668-BE54-9A1E7A4F7556}") = "R5T.T0132", "..\..\R5T.T0132\source\R5T.T0132\R5T.T0132.csproj", "{E8B62679-A2E7-45D8-AB12-7DC8ADD8A9E4}"
EndProject
Project("{9A19103F-16F7-4668-BE54-9A1E7A4F7556}") = "R5T.T0141", "..\..\R5T.T0141\source\R5T.T0141\R5T.T0141.csproj", "{22B38757-9D06-48F1-A5E5-E680F7937127}"
EndProject
Project("{9A19103F-16F7-4668-BE54-9A1E7A4F7556}") = "R5T.T0142", "..\..\R5T.T0142\source\R5T.T0142\R5T.T0142.csproj", "{C2D8F7C8-F5BD-405F-9FB7-8B84E16293C0}"
EndProject
Project("{9A19103F-16F7-4668-BE54-9A1E7A4F7556}") = "R5T.T0143", "..\..\R5T.T0143\source\R5T.T0143\R5T.T0143.csproj", "{D87EAF1D-8D17-408C-8E2A-2E9A3D5E4216}"
EndProject
Project("{9A19103F-16F7-4668-BE54-9A1E7A4F7556}") = "R5T.T0156", "..\..\R5T.T0156\source\R5T.T0156\R5T.T0156.csproj", "{248BA9E8-3DB3-49C0-AF6D-38B620890C4E}"
EndProject
Project("{9A19103F-16F7-4668-BE54-9A1E7A4F7556}") = "R5T.T0178", "..\..\R5T.T0178\source\R5T.T0178\R5T.T0178.csproj", "{BE4E53D7-BA56-4490-9AB2-B5B4B11266FD}"
EndProject
Project("{9A19103F-16F7-4668-BE54-9A1E7A4F7556}") = "R5T.T0179", "..\..\R5T.T0179\source\R5T.T0179\R5T.T0179.csproj", "{43917395-CF6A-4158-BB0D-D26B2C82A049}"
EndProject
Project("{9A19103F-16F7-4668-BE54-9A1E7A4F7556}") = "R5T.T0180", "..\..\R5T.T0180\source\R5T.T0180\R5T.T0180.csproj", "{4573AA7C-BD5E-4510-BCE1-321E104746F7}"
EndProject
Project("{9A19103F-16F7-4668-BE54-9A1E7A4F7556}") = "R5T.T0181", "..\..\R5T.T0181\source\R5T.T0181\R5T.T0181.csproj", "{4AE285BD-E44C-4757-89E2-BD9D133C4C34}"
EndProject
Project("{9A19103F-16F7-4668-BE54-9A1E7A4F7556}") = "R5T.Y0000", "..\..\R5T.Y0000\source\R5T.Y0000\R5T.Y0000.csproj", "{2F5C4012-7485-4BFA-89DD-5667DD050DB3}"
EndProject
Project("{9A19103F-16F7-4668-BE54-9A1E7A4F7556}") = "R5T.Z0000", "..\..\R5T.Z0000\source\R5T.Z0000\R5T.Z0000.csproj", "{70129623-C6F5-4DFE-ABFA-93D266AF9AC9}"
EndProject
Project("{9A19103F-16F7-4668-BE54-9A1E7A4F7556}") = "R5T.L0030.T000", "..\..\R5T.L0030\source\R5T.L0030.T000\R5T.L0030.T000.csproj", "{9DA93A3B-719A-42C6-A307-6BF8094144B9}"
EndProject
Project("{9A19103F-16F7-4668-BE54-9A1E7A4F7556}") = "R5T.T0172", "..\..\R5T.T0172\source\R5T.T0172\R5T.T0172.csproj", "{4DDB60EC-5DF8-4722-BF09-66851E822BC7}"
EndProject
Global
	GlobalSection(NestedProjects) = preSolution
		{2C779831-B7FB-4DC2-9204-D8DD006E073C} = {23B8ED3D-4BDC-4D20-8ED6-51BD9ED0EA54}
		{982C85DE-AC84-4E84-9FCC-DA3728CAEAE4} = {23B8ED3D-4BDC-4D20-8ED6-51BD9ED0EA54}
		{8874244F-548D-4DAE-9C35-6A233C2A8B17} = {23B8ED3D-4BDC-4D20-8ED6-51BD9ED0EA54}
		{38705F0E-E4BD-4C88-9598-C608F718B708} = {23B8ED3D-4BDC-4D20-8ED6-51BD9ED0EA54}
		{3B494898-94E5-4CA9-8DF4-D52E256844EE} = {23B8ED3D-4BDC-4D20-8ED6-51BD9ED0EA54}
		{737C3D87-3402-4865-AC69-8F7A367FD8B4} = {23B8ED3D-4BDC-4D20-8ED6-51BD9ED0EA54}
		{E8B62679-A2E7-45D8-AB12-7DC8ADD8A9E4} = {23B8ED3D-4BDC-4D20-8ED6-51BD9ED0EA54}
		{22B38757-9D06-48F1-A5E5-E680F7937127} = {23B8ED3D-4BDC-4D20-8ED6-51BD9ED0EA54}
		{C2D8F7C8-F5BD-405F-9FB7-8B84E16293C0} = {23B8ED3D-4BDC-4D20-8ED6-51BD9ED0EA54}
		{D87EAF1D-8D17-408C-8E2A-2E9A3D5E4216} = {23B8ED3D-4BDC-4D20-8ED6-51BD9ED0EA54}
		{248BA9E8-3DB3-49C0-AF6D-38B620890C4E} = {23B8ED3D-4BDC-4D20-8ED6-51BD9ED0EA54}
		{BE4E53D7-BA56-4490-9AB2-B5B4B11266FD} = {23B8ED3D-4BDC-4D20-8ED6-51BD9ED0EA54}
		{43917395-CF6A-4158-BB0D-D26B2C82A049} = {23B8ED3D-4BDC-4D20-8ED6-51BD9ED0EA54}
		{4573AA7C-BD5E-4510-BCE1-321E104746F7} = {23B8ED3D-4BDC-4D20-8ED6-51BD9ED0EA54}
		{4AE285BD-E44C-4757-89E2-BD9D133C4C34} = {23B8ED3D-4BDC-4D20-8ED6-51BD9ED0EA54}
		{2F5C4012-7485-4BFA-89DD-5667DD050DB3} = {23B8ED3D-4BDC-4D20-8ED6-51BD9ED0EA54}
		{70129623-C6F5-4DFE-ABFA-93D266AF9AC9} = {23B8ED3D-4BDC-4D20-8ED6-51BD9ED0EA54}
		{9DA93A3B-719A-42C6-A307-6BF8094144B9} = {23B8ED3D-4BDC-4D20-8ED6-51BD9ED0EA54}
		{4DDB60EC-5DF8-4722-BF09-66851E822BC7} = {23B8ED3D-4BDC-4D20-8ED6-51BD9ED0EA54}
	EndGlobalSection
	GlobalSection(SolutionConfigurationPlatforms) = preSolution
		Debug|Any CPU = Debug|Any CPU
		Release|Any CPU = Release|Any CPU
	EndGlobalSection
	GlobalSection(ProjectConfigurationPlatforms) = postSolution
		{378D521D-7B43-4056-9A05-32623EA929CE}.Debug|Any CPU.ActiveCfg = Debug|Any CPU
		{378D521D-7B43-4056-9A05-32623EA929CE}.Debug|Any CPU.Build.0 = Debug|Any CPU
		{378D521D-7B43-4056-9A05-32623EA929CE}.Release|Any CPU.ActiveCfg = Release|Any CPU
		{378D521D-7B43-4056-9A05-32623EA929CE}.Release|Any CPU.Build.0 = Release|Any CPU
		{2C779831-B7FB-4DC2-9204-D8DD006E073C}.Debug|Any CPU.ActiveCfg = Debug|Any CPU
		{2C779831-B7FB-4DC2-9204-D8DD006E073C}.Debug|Any CPU.Build.0 = Debug|Any CPU
		{2C779831-B7FB-4DC2-9204-D8DD006E073C}.Release|Any CPU.ActiveCfg = Release|Any CPU
		{2C779831-B7FB-4DC2-9204-D8DD006E073C}.Release|Any CPU.Build.0 = Release|Any CPU
		{982C85DE-AC84-4E84-9FCC-DA3728CAEAE4}.Debug|Any CPU.ActiveCfg = Debug|Any CPU
		{982C85DE-AC84-4E84-9FCC-DA3728CAEAE4}.Debug|Any CPU.Build.0 = Debug|Any CPU
		{982C85DE-AC84-4E84-9FCC-DA3728CAEAE4}.Release|Any CPU.ActiveCfg = Release|Any CPU
		{982C85DE-AC84-4E84-9FCC-DA3728CAEAE4}.Release|Any CPU.Build.0 = Release|Any CPU
		{8874244F-548D-4DAE-9C35-6A233C2A8B17}.Debug|Any CPU.ActiveCfg = Debug|Any CPU
		{8874244F-548D-4DAE-9C35-6A233C2A8B17}.Debug|Any CPU.Build.0 = Debug|Any CPU
		{8874244F-548D-4DAE-9C35-6A233C2A8B17}.Release|Any CPU.ActiveCfg = Release|Any CPU
		{8874244F-548D-4DAE-9C35-6A233C2A8B17}.Release|Any CPU.Build.0 = Release|Any CPU
		{38705F0E-E4BD-4C88-9598-C608F718B708}.Debug|Any CPU.ActiveCfg = Debug|Any CPU
		{38705F0E-E4BD-4C88-9598-C608F718B708}.Debug|Any CPU.Build.0 = Debug|Any CPU
		{38705F0E-E4BD-4C88-9598-C608F718B708}.Release|Any CPU.ActiveCfg = Release|Any CPU
		{38705F0E-E4BD-4C88-9598-C608F718B708}.Release|Any CPU.Build.0 = Release|Any CPU
		{3B494898-94E5-4CA9-8DF4-D52E256844EE}.Debug|Any CPU.ActiveCfg = Debug|Any CPU
		{3B494898-94E5-4CA9-8DF4-D52E256844EE}.Debug|Any CPU.Build.0 = Debug|Any CPU
		{3B494898-94E5-4CA9-8DF4-D52E256844EE}.Release|Any CPU.ActiveCfg = Release|Any CPU
		{3B494898-94E5-4CA9-8DF4-D52E256844EE}.Release|Any CPU.Build.0 = Release|Any CPU
		{737C3D87-3402-4865-AC69-8F7A367FD8B4}.Debug|Any CPU.ActiveCfg = Debug|Any CPU
		{737C3D87-3402-4865-AC69-8F7A367FD8B4}.Debug|Any CPU.Build.0 = Debug|Any CPU
		{737C3D87-3402-4865-AC69-8F7A367FD8B4}.Release|Any CPU.ActiveCfg = Release|Any CPU
		{737C3D87-3402-4865-AC69-8F7A367FD8B4}.Release|Any CPU.Build.0 = Release|Any CPU
		{E8B62679-A2E7-45D8-AB12-7DC8ADD8A9E4}.Debug|Any CPU.ActiveCfg = Debug|Any CPU
		{E8B62679-A2E7-45D8-AB12-7DC8ADD8A9E4}.Debug|Any CPU.Build.0 = Debug|Any CPU
		{E8B62679-A2E7-45D8-AB12-7DC8ADD8A9E4}.Release|Any CPU.ActiveCfg = Release|Any CPU
		{E8B62679-A2E7-45D8-AB12-7DC8ADD8A9E4}.Release|Any CPU.Build.0 = Release|Any CPU
		{22B38757-9D06-48F1-A5E5-E680F7937127}.Debug|Any CPU.ActiveCfg = Debug|Any CPU
		{22B38757-9D06-48F1-A5E5-E680F7937127}.Debug|Any CPU.Build.0 = Debug|Any CPU
		{22B38757-9D06-48F1-A5E5-E680F7937127}.Release|Any CPU.ActiveCfg = Release|Any CPU
		{22B38757-9D06-48F1-A5E5-E680F7937127}.Release|Any CPU.Build.0 = Release|Any CPU
		{C2D8F7C8-F5BD-405F-9FB7-8B84E16293C0}.Debug|Any CPU.ActiveCfg = Debug|Any CPU
		{C2D8F7C8-F5BD-405F-9FB7-8B84E16293C0}.Debug|Any CPU.Build.0 = Debug|Any CPU
		{C2D8F7C8-F5BD-405F-9FB7-8B84E16293C0}.Release|Any CPU.ActiveCfg = Release|Any CPU
		{C2D8F7C8-F5BD-405F-9FB7-8B84E16293C0}.Release|Any CPU.Build.0 = Release|Any CPU
		{D87EAF1D-8D17-408C-8E2A-2E9A3D5E4216}.Debug|Any CPU.ActiveCfg = Debug|Any CPU
		{D87EAF1D-8D17-408C-8E2A-2E9A3D5E4216}.Debug|Any CPU.Build.0 = Debug|Any CPU
		{D87EAF1D-8D17-408C-8E2A-2E9A3D5E4216}.Release|Any CPU.ActiveCfg = Release|Any CPU
		{D87EAF1D-8D17-408C-8E2A-2E9A3D5E4216}.Release|Any CPU.Build.0 = Release|Any CPU
		{248BA9E8-3DB3-49C0-AF6D-38B620890C4E}.Debug|Any CPU.ActiveCfg = Debug|Any CPU
		{248BA9E8-3DB3-49C0-AF6D-38B620890C4E}.Debug|Any CPU.Build.0 = Debug|Any CPU
		{248BA9E8-3DB3-49C0-AF6D-38B620890C4E}.Release|Any CPU.ActiveCfg = Release|Any CPU
		{248BA9E8-3DB3-49C0-AF6D-38B620890C4E}.Release|Any CPU.Build.0 = Release|Any CPU
		{BE4E53D7-BA56-4490-9AB2-B5B4B11266FD}.Debug|Any CPU.ActiveCfg = Debug|Any CPU
		{BE4E53D7-BA56-4490-9AB2-B5B4B11266FD}.Debug|Any CPU.Build.0 = Debug|Any CPU
		{BE4E53D7-BA56-4490-9AB2-B5B4B11266FD}.Release|Any CPU.ActiveCfg = Release|Any CPU
		{BE4E53D7-BA56-4490-9AB2-B5B4B11266FD}.Release|Any CPU.Build.0 = Release|Any CPU
		{43917395-CF6A-4158-BB0D-D26B2C82A049}.Debug|Any CPU.ActiveCfg = Debug|Any CPU
		{43917395-CF6A-4158-BB0D-D26B2C82A049}.Debug|Any CPU.Build.0 = Debug|Any CPU
		{43917395-CF6A-4158-BB0D-D26B2C82A049}.Release|Any CPU.ActiveCfg = Release|Any CPU
		{43917395-CF6A-4158-BB0D-D26B2C82A049}.Release|Any CPU.Build.0 = Release|Any CPU
		{4573AA7C-BD5E-4510-BCE1-321E104746F7}.Debug|Any CPU.ActiveCfg = Debug|Any CPU
		{4573AA7C-BD5E-4510-BCE1-321E104746F7}.Debug|Any CPU.Build.0 = Debug|Any CPU
		{4573AA7C-BD5E-4510-BCE1-321E104746F7}.Release|Any CPU.ActiveCfg = Release|Any CPU
		{4573AA7C-BD5E-4510-BCE1-321E104746F7}.Release|Any CPU.Build.0 = Release|Any CPU
		{4AE285BD-E44C-4757-89E2-BD9D133C4C34}.Debug|Any CPU.ActiveCfg = Debug|Any CPU
		{4AE285BD-E44C-4757-89E2-BD9D133C4C34}.Debug|Any CPU.Build.0 = Debug|Any CPU
		{4AE285BD-E44C-4757-89E2-BD9D133C4C34}.Release|Any CPU.ActiveCfg = Release|Any CPU
		{4AE285BD-E44C-4757-89E2-BD9D133C4C34}.Release|Any CPU.Build.0 = Release|Any CPU
		{2F5C4012-7485-4BFA-89DD-5667DD050DB3}.Debug|Any CPU.ActiveCfg = Debug|Any CPU
		{2F5C4012-7485-4BFA-89DD-5667DD050DB3}.Debug|Any CPU.Build.0 = Debug|Any CPU
		{2F5C4012-7485-4BFA-89DD-5667DD050DB3}.Release|Any CPU.ActiveCfg = Release|Any CPU
		{2F5C4012-7485-4BFA-89DD-5667DD050DB3}.Release|Any CPU.Build.0 = Release|Any CPU
		{70129623-C6F5-4DFE-ABFA-93D266AF9AC9}.Debug|Any CPU.ActiveCfg = Debug|Any CPU
		{70129623-C6F5-4DFE-ABFA-93D266AF9AC9}.Debug|Any CPU.Build.0 = Debug|Any CPU
		{70129623-C6F5-4DFE-ABFA-93D266AF9AC9}.Release|Any CPU.ActiveCfg = Release|Any CPU
		{70129623-C6F5-4DFE-ABFA-93D266AF9AC9}.Release|Any CPU.Build.0 = Release|Any CPU
		{9DA93A3B-719A-42C6-A307-6BF8094144B9}.Debug|Any CPU.ActiveCfg = Debug|Any CPU
		{9DA93A3B-719A-42C6-A307-6BF8094144B9}.Debug|Any CPU.Build.0 = Debug|Any CPU
		{9DA93A3B-719A-42C6-A307-6BF8094144B9}.Release|Any CPU.ActiveCfg = Release|Any CPU
		{9DA93A3B-719A-42C6-A307-6BF8094144B9}.Release|Any CPU.Build.0 = Release|Any CPU
		{4DDB60EC-5DF8-4722-BF09-66851E822BC7}.Debug|Any CPU.ActiveCfg = Debug|Any CPU
		{4DDB60EC-5DF8-4722-BF09-66851E822BC7}.Debug|Any CPU.Build.0 = Debug|Any CPU
		{4DDB60EC-5DF8-4722-BF09-66851E822BC7}.Release|Any CPU.ActiveCfg = Release|Any CPU
		{4DDB60EC-5DF8-4722-BF09-66851E822BC7}.Release|Any CPU.Build.0 = Release|Any CPU
	EndGlobalSection
	GlobalSection(SolutionProperties) = preSolution
		HideSolutionNode = FALSE
	EndGlobalSection
	GlobalSection(ExtensibilityGlobals) = postSolution
		SolutionGuid = {9865A705-2663-4120-AFAE-1B7D048D7398}
	EndGlobalSection
EndGlobal
