
Microsoft Visual Studio Solution File, Format Version 12.00
# Visual Studio Version 17
VisualStudioVersion = 17.2.32630.192
MinimumVisualStudioVersion = 10.0.40219.1
Project("{9A19103F-16F7-4668-BE54-9A1E7A4F7556}") = "R5T.L0032.Construction", "R5T.L0032.Construction\R5T.L0032.Construction.csproj", "{9BE75A4B-902D-4900-A338-72605D78AF76}"
EndProject
Project("{9A19103F-16F7-4668-BE54-9A1E7A4F7556}") = "R5T.L0032", "R5T.L0032\R5T.L0032.csproj", "{D6D5C247-423A-4A92-AB27-045769849A2F}"
EndProject
Project("{9A19103F-16F7-4668-BE54-9A1E7A4F7556}") = "R5T.L0032.T000", "R5T.L0032.T000\R5T.L0032.T000.csproj", "{D876EF13-6BC4-4274-A96B-3381323B6D79}"
EndProject
Project("{2150E333-8FDC-42A3-9474-1A3956D46DE8}") = "_Dependencies", "_Dependencies", "{820537D4-E46A-4F23-B086-E4D20DF29199}"
EndProject
Project("{9A19103F-16F7-4668-BE54-9A1E7A4F7556}") = "R5T.F0000", "..\..\R5T.F0000\source\R5T.F0000\R5T.F0000.csproj", "{3AD0805F-1405-4866-BE19-E142058D4B58}"
EndProject
Project("{9A19103F-16F7-4668-BE54-9A1E7A4F7556}") = "R5T.T0131", "..\..\R5T.T0131\source\R5T.T0131\R5T.T0131.csproj", "{36198B9C-C7BD-4E0F-9658-C13E2DE230B9}"
EndProject
Project("{9A19103F-16F7-4668-BE54-9A1E7A4F7556}") = "R5T.T0132", "..\..\R5T.T0132\source\R5T.T0132\R5T.T0132.csproj", "{F469E755-393D-4B83-8843-49A8B449AA9D}"
EndProject
Project("{9A19103F-16F7-4668-BE54-9A1E7A4F7556}") = "R5T.T0142", "..\..\R5T.T0142\source\R5T.T0142\R5T.T0142.csproj", "{10007D14-2DC9-4221-A973-C539CF9C9404}"
EndProject
Project("{9A19103F-16F7-4668-BE54-9A1E7A4F7556}") = "R5T.T0143", "..\..\R5T.T0143\source\R5T.T0143\R5T.T0143.csproj", "{DD68B3B8-5484-41F1-A9E0-764C50D90017}"
EndProject
Project("{9A19103F-16F7-4668-BE54-9A1E7A4F7556}") = "R5T.T0156", "..\..\R5T.T0156\source\R5T.T0156\R5T.T0156.csproj", "{30D3B063-6CEB-43A0-80B2-823383FDE193}"
EndProject
Project("{9A19103F-16F7-4668-BE54-9A1E7A4F7556}") = "R5T.Y0000", "..\..\R5T.Y0000\source\R5T.Y0000\R5T.Y0000.csproj", "{940ADD1E-6F78-4329-8661-C6F88632E05E}"
EndProject
Project("{9A19103F-16F7-4668-BE54-9A1E7A4F7556}") = "R5T.Z0000", "..\..\R5T.Z0000\source\R5T.Z0000\R5T.Z0000.csproj", "{A363EE00-3E36-49B8-8E5D-E74ECF48346F}"
EndProject
Project("{9A19103F-16F7-4668-BE54-9A1E7A4F7556}") = "R5T.T0178", "..\..\R5T.T0178\source\R5T.T0178\R5T.T0178.csproj", "{EA289010-5026-4F81-BA79-CA7799BAC711}"
EndProject
Project("{9A19103F-16F7-4668-BE54-9A1E7A4F7556}") = "R5T.T0179", "..\..\R5T.T0179\source\R5T.T0179\R5T.T0179.csproj", "{3ABC9338-F80C-426A-A36A-2C11496D3B75}"
EndProject
Project("{9A19103F-16F7-4668-BE54-9A1E7A4F7556}") = "R5T.F0002", "..\..\R5T.F0002\source\R5T.F0002\R5T.F0002.csproj", "{F11D6EF9-7F0E-4074-9572-1976CD19FE70}"
EndProject
Project("{9A19103F-16F7-4668-BE54-9A1E7A4F7556}") = "R5T.F0120", "..\..\R5T.F0120\source\R5T.F0120\R5T.F0120.csproj", "{0306283B-A82C-4979-9014-C036E09809F3}"
EndProject
Project("{9A19103F-16F7-4668-BE54-9A1E7A4F7556}") = "R5T.L0030", "..\..\R5T.L0030\source\R5T.L0030\R5T.L0030.csproj", "{A8845497-1FFA-4B73-AD59-7069E4523608}"
EndProject
Project("{9A19103F-16F7-4668-BE54-9A1E7A4F7556}") = "R5T.T0141", "..\..\R5T.T0141\source\R5T.T0141\R5T.T0141.csproj", "{6BFE0EF2-1983-4555-B23B-3D6F79A4A4AD}"
EndProject
Project("{9A19103F-16F7-4668-BE54-9A1E7A4F7556}") = "R5T.T0180", "..\..\R5T.T0180\source\R5T.T0180\R5T.T0180.csproj", "{A19A1EC3-BB68-42A1-8D26-86985A69B437}"
EndProject
Project("{9A19103F-16F7-4668-BE54-9A1E7A4F7556}") = "R5T.T0181", "..\..\R5T.T0181\source\R5T.T0181\R5T.T0181.csproj", "{DA2AA8BA-7E24-43B0-B338-783BF8C5D3BD}"
EndProject
Project("{9A19103F-16F7-4668-BE54-9A1E7A4F7556}") = "R5T.T0172", "..\..\R5T.T0172\source\R5T.T0172\R5T.T0172.csproj", "{BD740C51-CDA8-40DC-B6AF-533E1C09AED0}"
EndProject
Project("{9A19103F-16F7-4668-BE54-9A1E7A4F7556}") = "R5T.L0032.Z000", "R5T.L0032.Z000\R5T.L0032.Z000.csproj", "{A4D0A008-CC6C-4A0E-996E-50CC168F0917}"
EndProject
Project("{9A19103F-16F7-4668-BE54-9A1E7A4F7556}") = "R5T.L0030.T000", "..\..\R5T.L0030\source\R5T.L0030.T000\R5T.L0030.T000.csproj", "{53D3CF11-1210-40A1-8604-A81B8FB7587F}"
EndProject
Project("{9A19103F-16F7-4668-BE54-9A1E7A4F7556}") = "R5T.F0124", "..\..\R5T.F0124\source\R5T.F0124\R5T.F0124.csproj", "{577660FC-F232-4E0F-B53D-D93AF093CABC}"
EndProject
Project("{9A19103F-16F7-4668-BE54-9A1E7A4F7556}") = "R5T.L0034", "..\..\R5T.L0034\source\R5T.L0034\R5T.L0034.csproj", "{59EBBCB8-B55C-44BC-B7B1-92902C26729C}"
EndProject
Project("{9A19103F-16F7-4668-BE54-9A1E7A4F7556}") = "R5T.T0150", "..\..\R5T.T0150\source\R5T.T0150\R5T.T0150.csproj", "{8B95DC83-CE3D-488D-864A-75713E26DEF0}"
EndProject
Project("{9A19103F-16F7-4668-BE54-9A1E7A4F7556}") = "R5T.T0151", "..\..\R5T.T0151\source\R5T.T0151\R5T.T0151.csproj", "{768BF2A0-D893-4A69-8144-840AD3A49CE5}"
EndProject
Project("{9A19103F-16F7-4668-BE54-9A1E7A4F7556}") = "R5T.T0174", "..\..\R5T.T0174\source\R5T.T0174\R5T.T0174.csproj", "{4101F4E4-5E8F-4887-8D68-226E528D740E}"
EndProject
Project("{9A19103F-16F7-4668-BE54-9A1E7A4F7556}") = "R5T.T0176", "..\..\R5T.T0176\source\R5T.T0176\R5T.T0176.csproj", "{8F8F3390-9778-4D07-8165-B5DE33E7B346}"
EndProject
Project("{9A19103F-16F7-4668-BE54-9A1E7A4F7556}") = "R5T.T0177", "..\..\R5T.T0177\source\R5T.T0177\R5T.T0177.csproj", "{94145F1F-1F8F-4C8F-B7F4-F36D8FE3F3C7}"
EndProject
Project("{9A19103F-16F7-4668-BE54-9A1E7A4F7556}") = "R5T.T0185", "..\..\R5T.T0185\source\R5T.T0185\R5T.T0185.csproj", "{07B0918F-50BA-4CFD-9183-00AC2F9CBE98}"
EndProject
Project("{9A19103F-16F7-4668-BE54-9A1E7A4F7556}") = "R5T.T0198", "..\..\R5T.T0198\source\R5T.T0198\R5T.T0198.csproj", "{EE740549-13D8-4E5B-9EAE-F7FD2ECA5D4D}"
EndProject
Project("{9A19103F-16F7-4668-BE54-9A1E7A4F7556}") = "R5T.T0202", "..\..\R5T.T0202\source\R5T.T0202\R5T.T0202.csproj", "{41881F56-1220-40E6-B214-969E142B652D}"
EndProject
Project("{9A19103F-16F7-4668-BE54-9A1E7A4F7556}") = "R5T.T0203", "..\..\R5T.T0203\source\R5T.T0203\R5T.T0203.csproj", "{528D1A4D-2575-4F55-BD69-06127CDBABC6}"
EndProject
Project("{9A19103F-16F7-4668-BE54-9A1E7A4F7556}") = "R5T.T0205", "..\..\R5T.T0205\source\R5T.T0205\R5T.T0205.csproj", "{FC2D6006-A8ED-4B89-9C1E-5C0E454C7139}"
EndProject
Project("{9A19103F-16F7-4668-BE54-9A1E7A4F7556}") = "R5T.T0206", "..\..\R5T.T0206\source\R5T.T0206\R5T.T0206.csproj", "{418E0126-35B0-4345-86CD-E614801BC557}"
EndProject
Project("{9A19103F-16F7-4668-BE54-9A1E7A4F7556}") = "R5T.NG0022", "..\..\R5T.NG0022\source\R5T.NG0022\R5T.NG0022.csproj", "{2894A773-8F4A-44F4-8D5C-64B4E75A88CE}"
EndProject
Project("{9A19103F-16F7-4668-BE54-9A1E7A4F7556}") = "R5T.T0208", "..\..\R5T.T0208\source\R5T.T0208\R5T.T0208.csproj", "{1F4D94D3-BB2C-4E35-ADDF-5328B8C68D77}"
EndProject
Project("{9A19103F-16F7-4668-BE54-9A1E7A4F7556}") = "R5T.T0218", "..\..\R5T.T0218\source\R5T.T0218\R5T.T0218.csproj", "{9C66B411-C53D-4081-8CCF-31AF30067BC5}"
EndProject
Project("{9A19103F-16F7-4668-BE54-9A1E7A4F7556}") = "R5T.Z0057", "..\..\R5T.Z0057\source\R5T.Z0057\R5T.Z0057.csproj", "{12A576FF-5BEF-4859-B4B8-32514F81153A}"
EndProject
Project("{9A19103F-16F7-4668-BE54-9A1E7A4F7556}") = "R5T.F0059", "..\..\R5T.F0059\source\R5T.F0059\R5T.F0059.csproj", "{04AE7CEC-82A2-458F-8C39-EC2F51D07E74}"
EndProject
Project("{9A19103F-16F7-4668-BE54-9A1E7A4F7556}") = "R5T.L0032.F000", "R5T.L0032.F000\R5T.L0032.F000.csproj", "{A9820CCA-FD7E-42AD-A418-D4F0A69B7532}"
EndProject
Project("{9A19103F-16F7-4668-BE54-9A1E7A4F7556}") = "R5T.L0053", "..\..\R5T.L0053\source\R5T.L0053\R5T.L0053.csproj", "{88900BC1-FC46-4F56-A870-F3398EF0FEDC}"
EndProject
Project("{9A19103F-16F7-4668-BE54-9A1E7A4F7556}") = "R5T.L0056", "..\..\R5T.L0056\source\R5T.L0056\R5T.L0056.csproj", "{834BB738-F0C7-4773-9EE1-E8B7EAAFF945}"
EndProject
Project("{9A19103F-16F7-4668-BE54-9A1E7A4F7556}") = "R5T.L0066", "..\..\R5T.L0066\source\R5T.L0066\R5T.L0066.csproj", "{559C6747-2637-4743-AA41-B4A8DA7AFCD0}"
EndProject
Project("{9A19103F-16F7-4668-BE54-9A1E7A4F7556}") = "R5T.NG0006", "..\..\R5T.NG0006\source\R5T.NG0006\R5T.NG0006.csproj", "{FBCFA855-823B-4787-AF34-7603BF9A333A}"
EndProject
Project("{9A19103F-16F7-4668-BE54-9A1E7A4F7556}") = "R5T.T0158", "..\..\R5T.T0158\source\R5T.T0158\R5T.T0158.csproj", "{7C957FEC-B68D-48FC-A7A1-C6C8904DA2D2}"
EndProject
Project("{9A19103F-16F7-4668-BE54-9A1E7A4F7556}") = "R5T.T0159", "..\..\R5T.T0159\source\R5T.T0159\R5T.T0159.csproj", "{DC5E09D7-AE04-4B8F-8F8D-7437E7CA2821}"
EndProject
Project("{9A19103F-16F7-4668-BE54-9A1E7A4F7556}") = "R5T.T0199", "..\..\R5T.T0199\source\R5T.T0199\R5T.T0199.csproj", "{D36F0AC0-6BA1-4D55-BC18-806446AF3D87}"
EndProject
Project("{9A19103F-16F7-4668-BE54-9A1E7A4F7556}") = "R5T.T0210", "..\..\R5T.T0210\source\R5T.T0210\R5T.T0210.csproj", "{8D3070A2-9EDC-45D5-B8DF-E99E87471B78}"
EndProject
Project("{9A19103F-16F7-4668-BE54-9A1E7A4F7556}") = "R5T.T0213", "..\..\R5T.T0213\source\R5T.T0213\R5T.T0213.csproj", "{1C262C15-C935-431A-B46F-48E30C724794}"
EndProject
Project("{9A19103F-16F7-4668-BE54-9A1E7A4F7556}") = "R5T.T0219", "..\..\R5T.T0219\source\R5T.T0219\R5T.T0219.csproj", "{52012ABA-FFE7-49BF-92F2-346977995083}"
EndProject
Project("{9A19103F-16F7-4668-BE54-9A1E7A4F7556}") = "R5T.T0220", "..\..\R5T.T0220\source\R5T.T0220\R5T.T0220.csproj", "{28CA466D-0D98-4DE2-82F4-79AFE071B5CD}"
EndProject
Project("{9A19103F-16F7-4668-BE54-9A1E7A4F7556}") = "R5T.T0221", "..\..\R5T.T0221\source\R5T.T0221\R5T.T0221.csproj", "{D9FABFF4-DB82-4FC2-A0D3-7C8533C1CC7B}"
EndProject
Project("{9A19103F-16F7-4668-BE54-9A1E7A4F7556}") = "R5T.T0224", "..\..\R5T.T0224\source\R5T.T0224\R5T.T0224.csproj", "{F91949B6-4937-4051-9322-45F6ADB32106}"
EndProject
Project("{9A19103F-16F7-4668-BE54-9A1E7A4F7556}") = "R5T.T0227", "..\..\R5T.T0227\source\R5T.T0227\R5T.T0227.csproj", "{CF3FF8E3-E324-403A-9841-B4DD960A36E2}"
EndProject
Project("{9A19103F-16F7-4668-BE54-9A1E7A4F7556}") = "R5T.Y0006", "..\..\R5T.Y0006\source\R5T.Y0006\R5T.Y0006.csproj", "{E37357F2-8A90-4815-8667-EC61CD836AB4}"
EndProject
Project("{9A19103F-16F7-4668-BE54-9A1E7A4F7556}") = "R5T.Z0010.Platform", "..\..\R5T.Z0010\source\R5T.Z0010.Platform\R5T.Z0010.Platform.csproj", "{0AF99DD7-C6C3-40CE-BFC4-DBA5F9289B4D}"
EndProject
Project("{9A19103F-16F7-4668-BE54-9A1E7A4F7556}") = "R5T.Z0010", "..\..\R5T.Z0010\source\R5T.Z0010\R5T.Z0010.csproj", "{26D0A90D-AAC6-4D4E-A982-6B1B61B8350F}"
EndProject
Project("{9A19103F-16F7-4668-BE54-9A1E7A4F7556}") = "R5T.Z0057.Platform", "..\..\R5T.Z0057\source\R5T.Z0057.Platform\R5T.Z0057.Platform.csproj", "{C657711D-82D6-401A-B9A5-18F85A3A7D32}"
EndProject
Project("{9A19103F-16F7-4668-BE54-9A1E7A4F7556}") = "R5T.Z0058", "..\..\R5T.Z0058\source\R5T.Z0058\R5T.Z0058.csproj", "{9C03052E-B9EB-432C-A1AC-F961F5075C9D}"
EndProject
Project("{9A19103F-16F7-4668-BE54-9A1E7A4F7556}") = "R5T.L0032.F001", "R5T.L0032.F001\R5T.L0032.F001.csproj", "{8431A746-C642-4B07-AD8B-3F7E55C71E9B}"
EndProject
Project("{9A19103F-16F7-4668-BE54-9A1E7A4F7556}") = "R5T.F0125", "..\..\R5T.F0125\source\R5T.F0125\R5T.F0125.csproj", "{B43651C4-2E60-4269-B641-9AC17850EC92}"
EndProject
Project("{9A19103F-16F7-4668-BE54-9A1E7A4F7556}") = "R5T.L0035", "..\..\R5T.L0035\source\R5T.L0035\R5T.L0035.csproj", "{7B141AC9-6795-4B8C-9A90-449FCA84AAE0}"
EndProject
Project("{9A19103F-16F7-4668-BE54-9A1E7A4F7556}") = "R5T.L0032.Z001", "R5T.L0032.Z001\R5T.L0032.Z001.csproj", "{A3062687-6A36-4C1A-8D23-D8088566143C}"
EndProject
Project("{9A19103F-16F7-4668-BE54-9A1E7A4F7556}") = "R5T.L0032.Z002", "R5T.L0032.Z002\R5T.L0032.Z002.csproj", "{DEAF388B-4F6E-4666-B348-5A7E3A26E8D3}"
EndProject
Project("{9A19103F-16F7-4668-BE54-9A1E7A4F7556}") = "R5T.L0032.Y000", "R5T.L0032.Y000\R5T.L0032.Y000.csproj", "{D604A10A-9F31-4291-A2B0-92FDA6294DED}"
EndProject
Project("{9A19103F-16F7-4668-BE54-9A1E7A4F7556}") = "R5T.L0032.F002", "R5T.L0032.F002\R5T.L0032.F002.csproj", "{95260FDE-4B68-43AA-907C-A45537B43D63}"
EndProject
Project("{9A19103F-16F7-4668-BE54-9A1E7A4F7556}") = "R5T.T0199.T000", "..\..\R5T.T0199\source\R5T.T0199.T000\R5T.T0199.T000.csproj", "{FA45C903-5396-4093-B922-E9C804B2FF6A}"
EndProject
Project("{9A19103F-16F7-4668-BE54-9A1E7A4F7556}") = "R5T.T0199.T001", "..\..\R5T.T0199\source\R5T.T0199.T001\R5T.T0199.T001.csproj", "{BA3FBAE1-153C-4EBD-8CBB-2193B9D5A850}"
EndProject
Project("{9A19103F-16F7-4668-BE54-9A1E7A4F7556}") = "R5T.L0071", "..\..\R5T.L0071\source\R5T.L0071\R5T.L0071.csproj", "{033E1C9C-C328-49B6-BD92-CE03CC5E6EEE}"
EndProject
Project("{9A19103F-16F7-4668-BE54-9A1E7A4F7556}") = "R5T.L0032.F003", "R5T.L0032.F003\R5T.L0032.F003.csproj", "{188F617D-0491-4CAE-996D-DBD706DF179E}"
EndProject
Project("{9A19103F-16F7-4668-BE54-9A1E7A4F7556}") = "R5T.L0032.F004", "R5T.L0032.F004\R5T.L0032.F004.csproj", "{936EA77E-FBCB-4277-9B08-29642D32046F}"
EndProject
Project("{9A19103F-16F7-4668-BE54-9A1E7A4F7556}") = "R5T.L0074", "..\..\R5T.L0074\source\R5T.L0074\R5T.L0074.csproj", "{7DECE6D5-F902-4A3B-9F8F-F2E0DB2D949A}"
EndProject
Project("{9A19103F-16F7-4668-BE54-9A1E7A4F7556}") = "R5T.L0089.F000", "..\..\R5T.L0089\source\R5T.L0089.F000\R5T.L0089.F000.csproj", "{9FA7CFDD-74DC-436C-82A8-020E78315FA2}"
EndProject
Project("{9A19103F-16F7-4668-BE54-9A1E7A4F7556}") = "R5T.L0089.T000", "..\..\R5T.L0089\source\R5T.L0089.T000\R5T.L0089.T000.csproj", "{404199CA-F912-479E-A541-1F65398E3477}"
EndProject
Project("{9A19103F-16F7-4668-BE54-9A1E7A4F7556}") = "R5T.L0089", "..\..\R5T.L0089\source\R5T.L0089\R5T.L0089.csproj", "{10FE5B41-73EE-4B06-A032-20DE9C38E646}"
EndProject
Project("{9A19103F-16F7-4668-BE54-9A1E7A4F7556}") = "R5T.T0241", "..\..\R5T.T0241\source\R5T.T0241\R5T.T0241.csproj", "{351B3ACB-5A79-4ACE-9C45-449D4F649EC7}"
EndProject
Project("{9A19103F-16F7-4668-BE54-9A1E7A4F7556}") = "R5T.T0251", "..\..\R5T.T0251\source\R5T.T0251\R5T.T0251.csproj", "{D599D3F8-8F57-43A4-96D9-2B727FEBC5F2}"
EndProject
Project("{9A19103F-16F7-4668-BE54-9A1E7A4F7556}") = "R5T.T0252", "..\..\R5T.T0252\source\R5T.T0252\R5T.T0252.csproj", "{EAD6FF6B-AF04-4CBB-B6B8-AE8311A6C7E9}"
EndProject
Project("{9A19103F-16F7-4668-BE54-9A1E7A4F7556}") = "R5T.Z0072.Z000", "..\..\R5T.Z0072\source\R5T.Z0072.Z000\R5T.Z0072.Z000.csproj", "{B4A1DD8A-A81F-456C-807F-83C795424AF7}"
EndProject
Project("{9A19103F-16F7-4668-BE54-9A1E7A4F7556}") = "R5T.Z0072.Z001", "..\..\R5T.Z0072\source\R5T.Z0072.Z001\R5T.Z0072.Z001.csproj", "{042162C1-B588-47AE-84E7-2A89B625752C}"
EndProject
Project("{9A19103F-16F7-4668-BE54-9A1E7A4F7556}") = "R5T.Z0072.Z002", "..\..\R5T.Z0072\source\R5T.Z0072.Z002\R5T.Z0072.Z002.csproj", "{3DA629EF-B914-42D7-B68F-614B51F9BD4C}"
EndProject
Project("{9A19103F-16F7-4668-BE54-9A1E7A4F7556}") = "R5T.Z0072.Z004", "..\..\R5T.Z0072\source\R5T.Z0072.Z004\R5T.Z0072.Z004.csproj", "{024C7639-1DD3-4F8E-9AE5-17BB5A26DE00}"
EndProject
Global
	GlobalSection(NestedProjects) = preSolution
		{3AD0805F-1405-4866-BE19-E142058D4B58} = {820537D4-E46A-4F23-B086-E4D20DF29199}
		{36198B9C-C7BD-4E0F-9658-C13E2DE230B9} = {820537D4-E46A-4F23-B086-E4D20DF29199}
		{F469E755-393D-4B83-8843-49A8B449AA9D} = {820537D4-E46A-4F23-B086-E4D20DF29199}
		{10007D14-2DC9-4221-A973-C539CF9C9404} = {820537D4-E46A-4F23-B086-E4D20DF29199}
		{DD68B3B8-5484-41F1-A9E0-764C50D90017} = {820537D4-E46A-4F23-B086-E4D20DF29199}
		{30D3B063-6CEB-43A0-80B2-823383FDE193} = {820537D4-E46A-4F23-B086-E4D20DF29199}
		{940ADD1E-6F78-4329-8661-C6F88632E05E} = {820537D4-E46A-4F23-B086-E4D20DF29199}
		{A363EE00-3E36-49B8-8E5D-E74ECF48346F} = {820537D4-E46A-4F23-B086-E4D20DF29199}
		{EA289010-5026-4F81-BA79-CA7799BAC711} = {820537D4-E46A-4F23-B086-E4D20DF29199}
		{3ABC9338-F80C-426A-A36A-2C11496D3B75} = {820537D4-E46A-4F23-B086-E4D20DF29199}
		{F11D6EF9-7F0E-4074-9572-1976CD19FE70} = {820537D4-E46A-4F23-B086-E4D20DF29199}
		{0306283B-A82C-4979-9014-C036E09809F3} = {820537D4-E46A-4F23-B086-E4D20DF29199}
		{A8845497-1FFA-4B73-AD59-7069E4523608} = {820537D4-E46A-4F23-B086-E4D20DF29199}
		{6BFE0EF2-1983-4555-B23B-3D6F79A4A4AD} = {820537D4-E46A-4F23-B086-E4D20DF29199}
		{A19A1EC3-BB68-42A1-8D26-86985A69B437} = {820537D4-E46A-4F23-B086-E4D20DF29199}
		{DA2AA8BA-7E24-43B0-B338-783BF8C5D3BD} = {820537D4-E46A-4F23-B086-E4D20DF29199}
		{BD740C51-CDA8-40DC-B6AF-533E1C09AED0} = {820537D4-E46A-4F23-B086-E4D20DF29199}
		{53D3CF11-1210-40A1-8604-A81B8FB7587F} = {820537D4-E46A-4F23-B086-E4D20DF29199}
		{577660FC-F232-4E0F-B53D-D93AF093CABC} = {820537D4-E46A-4F23-B086-E4D20DF29199}
		{59EBBCB8-B55C-44BC-B7B1-92902C26729C} = {820537D4-E46A-4F23-B086-E4D20DF29199}
		{8B95DC83-CE3D-488D-864A-75713E26DEF0} = {820537D4-E46A-4F23-B086-E4D20DF29199}
		{768BF2A0-D893-4A69-8144-840AD3A49CE5} = {820537D4-E46A-4F23-B086-E4D20DF29199}
		{4101F4E4-5E8F-4887-8D68-226E528D740E} = {820537D4-E46A-4F23-B086-E4D20DF29199}
		{8F8F3390-9778-4D07-8165-B5DE33E7B346} = {820537D4-E46A-4F23-B086-E4D20DF29199}
		{94145F1F-1F8F-4C8F-B7F4-F36D8FE3F3C7} = {820537D4-E46A-4F23-B086-E4D20DF29199}
		{07B0918F-50BA-4CFD-9183-00AC2F9CBE98} = {820537D4-E46A-4F23-B086-E4D20DF29199}
		{EE740549-13D8-4E5B-9EAE-F7FD2ECA5D4D} = {820537D4-E46A-4F23-B086-E4D20DF29199}
		{41881F56-1220-40E6-B214-969E142B652D} = {820537D4-E46A-4F23-B086-E4D20DF29199}
		{528D1A4D-2575-4F55-BD69-06127CDBABC6} = {820537D4-E46A-4F23-B086-E4D20DF29199}
		{FC2D6006-A8ED-4B89-9C1E-5C0E454C7139} = {820537D4-E46A-4F23-B086-E4D20DF29199}
		{418E0126-35B0-4345-86CD-E614801BC557} = {820537D4-E46A-4F23-B086-E4D20DF29199}
		{2894A773-8F4A-44F4-8D5C-64B4E75A88CE} = {820537D4-E46A-4F23-B086-E4D20DF29199}
		{1F4D94D3-BB2C-4E35-ADDF-5328B8C68D77} = {820537D4-E46A-4F23-B086-E4D20DF29199}
		{9C66B411-C53D-4081-8CCF-31AF30067BC5} = {820537D4-E46A-4F23-B086-E4D20DF29199}
		{12A576FF-5BEF-4859-B4B8-32514F81153A} = {820537D4-E46A-4F23-B086-E4D20DF29199}
		{04AE7CEC-82A2-458F-8C39-EC2F51D07E74} = {820537D4-E46A-4F23-B086-E4D20DF29199}
		{88900BC1-FC46-4F56-A870-F3398EF0FEDC} = {820537D4-E46A-4F23-B086-E4D20DF29199}
		{834BB738-F0C7-4773-9EE1-E8B7EAAFF945} = {820537D4-E46A-4F23-B086-E4D20DF29199}
		{559C6747-2637-4743-AA41-B4A8DA7AFCD0} = {820537D4-E46A-4F23-B086-E4D20DF29199}
		{FBCFA855-823B-4787-AF34-7603BF9A333A} = {820537D4-E46A-4F23-B086-E4D20DF29199}
		{7C957FEC-B68D-48FC-A7A1-C6C8904DA2D2} = {820537D4-E46A-4F23-B086-E4D20DF29199}
		{DC5E09D7-AE04-4B8F-8F8D-7437E7CA2821} = {820537D4-E46A-4F23-B086-E4D20DF29199}
		{D36F0AC0-6BA1-4D55-BC18-806446AF3D87} = {820537D4-E46A-4F23-B086-E4D20DF29199}
		{8D3070A2-9EDC-45D5-B8DF-E99E87471B78} = {820537D4-E46A-4F23-B086-E4D20DF29199}
		{1C262C15-C935-431A-B46F-48E30C724794} = {820537D4-E46A-4F23-B086-E4D20DF29199}
		{52012ABA-FFE7-49BF-92F2-346977995083} = {820537D4-E46A-4F23-B086-E4D20DF29199}
		{28CA466D-0D98-4DE2-82F4-79AFE071B5CD} = {820537D4-E46A-4F23-B086-E4D20DF29199}
		{D9FABFF4-DB82-4FC2-A0D3-7C8533C1CC7B} = {820537D4-E46A-4F23-B086-E4D20DF29199}
		{F91949B6-4937-4051-9322-45F6ADB32106} = {820537D4-E46A-4F23-B086-E4D20DF29199}
		{CF3FF8E3-E324-403A-9841-B4DD960A36E2} = {820537D4-E46A-4F23-B086-E4D20DF29199}
		{E37357F2-8A90-4815-8667-EC61CD836AB4} = {820537D4-E46A-4F23-B086-E4D20DF29199}
		{0AF99DD7-C6C3-40CE-BFC4-DBA5F9289B4D} = {820537D4-E46A-4F23-B086-E4D20DF29199}
		{26D0A90D-AAC6-4D4E-A982-6B1B61B8350F} = {820537D4-E46A-4F23-B086-E4D20DF29199}
		{C657711D-82D6-401A-B9A5-18F85A3A7D32} = {820537D4-E46A-4F23-B086-E4D20DF29199}
		{9C03052E-B9EB-432C-A1AC-F961F5075C9D} = {820537D4-E46A-4F23-B086-E4D20DF29199}
		{B43651C4-2E60-4269-B641-9AC17850EC92} = {820537D4-E46A-4F23-B086-E4D20DF29199}
		{7B141AC9-6795-4B8C-9A90-449FCA84AAE0} = {820537D4-E46A-4F23-B086-E4D20DF29199}
		{FA45C903-5396-4093-B922-E9C804B2FF6A} = {820537D4-E46A-4F23-B086-E4D20DF29199}
		{BA3FBAE1-153C-4EBD-8CBB-2193B9D5A850} = {820537D4-E46A-4F23-B086-E4D20DF29199}
		{033E1C9C-C328-49B6-BD92-CE03CC5E6EEE} = {820537D4-E46A-4F23-B086-E4D20DF29199}
		{7DECE6D5-F902-4A3B-9F8F-F2E0DB2D949A} = {820537D4-E46A-4F23-B086-E4D20DF29199}
		{9FA7CFDD-74DC-436C-82A8-020E78315FA2} = {820537D4-E46A-4F23-B086-E4D20DF29199}
		{404199CA-F912-479E-A541-1F65398E3477} = {820537D4-E46A-4F23-B086-E4D20DF29199}
		{10FE5B41-73EE-4B06-A032-20DE9C38E646} = {820537D4-E46A-4F23-B086-E4D20DF29199}
		{351B3ACB-5A79-4ACE-9C45-449D4F649EC7} = {820537D4-E46A-4F23-B086-E4D20DF29199}
		{D599D3F8-8F57-43A4-96D9-2B727FEBC5F2} = {820537D4-E46A-4F23-B086-E4D20DF29199}
		{EAD6FF6B-AF04-4CBB-B6B8-AE8311A6C7E9} = {820537D4-E46A-4F23-B086-E4D20DF29199}
		{B4A1DD8A-A81F-456C-807F-83C795424AF7} = {820537D4-E46A-4F23-B086-E4D20DF29199}
		{042162C1-B588-47AE-84E7-2A89B625752C} = {820537D4-E46A-4F23-B086-E4D20DF29199}
		{3DA629EF-B914-42D7-B68F-614B51F9BD4C} = {820537D4-E46A-4F23-B086-E4D20DF29199}
		{024C7639-1DD3-4F8E-9AE5-17BB5A26DE00} = {820537D4-E46A-4F23-B086-E4D20DF29199}
	EndGlobalSection
	GlobalSection(SolutionConfigurationPlatforms) = preSolution
		Debug|Any CPU = Debug|Any CPU
		Release|Any CPU = Release|Any CPU
	EndGlobalSection
	GlobalSection(ProjectConfigurationPlatforms) = postSolution
		{9BE75A4B-902D-4900-A338-72605D78AF76}.Debug|Any CPU.ActiveCfg = Debug|Any CPU
		{9BE75A4B-902D-4900-A338-72605D78AF76}.Debug|Any CPU.Build.0 = Debug|Any CPU
		{9BE75A4B-902D-4900-A338-72605D78AF76}.Release|Any CPU.ActiveCfg = Release|Any CPU
		{9BE75A4B-902D-4900-A338-72605D78AF76}.Release|Any CPU.Build.0 = Release|Any CPU
		{D6D5C247-423A-4A92-AB27-045769849A2F}.Debug|Any CPU.ActiveCfg = Debug|Any CPU
		{D6D5C247-423A-4A92-AB27-045769849A2F}.Debug|Any CPU.Build.0 = Debug|Any CPU
		{D6D5C247-423A-4A92-AB27-045769849A2F}.Release|Any CPU.ActiveCfg = Release|Any CPU
		{D6D5C247-423A-4A92-AB27-045769849A2F}.Release|Any CPU.Build.0 = Release|Any CPU
		{D876EF13-6BC4-4274-A96B-3381323B6D79}.Debug|Any CPU.ActiveCfg = Debug|Any CPU
		{D876EF13-6BC4-4274-A96B-3381323B6D79}.Debug|Any CPU.Build.0 = Debug|Any CPU
		{D876EF13-6BC4-4274-A96B-3381323B6D79}.Release|Any CPU.ActiveCfg = Release|Any CPU
		{D876EF13-6BC4-4274-A96B-3381323B6D79}.Release|Any CPU.Build.0 = Release|Any CPU
		{3AD0805F-1405-4866-BE19-E142058D4B58}.Debug|Any CPU.ActiveCfg = Debug|Any CPU
		{3AD0805F-1405-4866-BE19-E142058D4B58}.Debug|Any CPU.Build.0 = Debug|Any CPU
		{3AD0805F-1405-4866-BE19-E142058D4B58}.Release|Any CPU.ActiveCfg = Release|Any CPU
		{3AD0805F-1405-4866-BE19-E142058D4B58}.Release|Any CPU.Build.0 = Release|Any CPU
		{36198B9C-C7BD-4E0F-9658-C13E2DE230B9}.Debug|Any CPU.ActiveCfg = Debug|Any CPU
		{36198B9C-C7BD-4E0F-9658-C13E2DE230B9}.Debug|Any CPU.Build.0 = Debug|Any CPU
		{36198B9C-C7BD-4E0F-9658-C13E2DE230B9}.Release|Any CPU.ActiveCfg = Release|Any CPU
		{36198B9C-C7BD-4E0F-9658-C13E2DE230B9}.Release|Any CPU.Build.0 = Release|Any CPU
		{F469E755-393D-4B83-8843-49A8B449AA9D}.Debug|Any CPU.ActiveCfg = Debug|Any CPU
		{F469E755-393D-4B83-8843-49A8B449AA9D}.Debug|Any CPU.Build.0 = Debug|Any CPU
		{F469E755-393D-4B83-8843-49A8B449AA9D}.Release|Any CPU.ActiveCfg = Release|Any CPU
		{F469E755-393D-4B83-8843-49A8B449AA9D}.Release|Any CPU.Build.0 = Release|Any CPU
		{10007D14-2DC9-4221-A973-C539CF9C9404}.Debug|Any CPU.ActiveCfg = Debug|Any CPU
		{10007D14-2DC9-4221-A973-C539CF9C9404}.Debug|Any CPU.Build.0 = Debug|Any CPU
		{10007D14-2DC9-4221-A973-C539CF9C9404}.Release|Any CPU.ActiveCfg = Release|Any CPU
		{10007D14-2DC9-4221-A973-C539CF9C9404}.Release|Any CPU.Build.0 = Release|Any CPU
		{DD68B3B8-5484-41F1-A9E0-764C50D90017}.Debug|Any CPU.ActiveCfg = Debug|Any CPU
		{DD68B3B8-5484-41F1-A9E0-764C50D90017}.Debug|Any CPU.Build.0 = Debug|Any CPU
		{DD68B3B8-5484-41F1-A9E0-764C50D90017}.Release|Any CPU.ActiveCfg = Release|Any CPU
		{DD68B3B8-5484-41F1-A9E0-764C50D90017}.Release|Any CPU.Build.0 = Release|Any CPU
		{30D3B063-6CEB-43A0-80B2-823383FDE193}.Debug|Any CPU.ActiveCfg = Debug|Any CPU
		{30D3B063-6CEB-43A0-80B2-823383FDE193}.Debug|Any CPU.Build.0 = Debug|Any CPU
		{30D3B063-6CEB-43A0-80B2-823383FDE193}.Release|Any CPU.ActiveCfg = Release|Any CPU
		{30D3B063-6CEB-43A0-80B2-823383FDE193}.Release|Any CPU.Build.0 = Release|Any CPU
		{940ADD1E-6F78-4329-8661-C6F88632E05E}.Debug|Any CPU.ActiveCfg = Debug|Any CPU
		{940ADD1E-6F78-4329-8661-C6F88632E05E}.Debug|Any CPU.Build.0 = Debug|Any CPU
		{940ADD1E-6F78-4329-8661-C6F88632E05E}.Release|Any CPU.ActiveCfg = Release|Any CPU
		{940ADD1E-6F78-4329-8661-C6F88632E05E}.Release|Any CPU.Build.0 = Release|Any CPU
		{A363EE00-3E36-49B8-8E5D-E74ECF48346F}.Debug|Any CPU.ActiveCfg = Debug|Any CPU
		{A363EE00-3E36-49B8-8E5D-E74ECF48346F}.Debug|Any CPU.Build.0 = Debug|Any CPU
		{A363EE00-3E36-49B8-8E5D-E74ECF48346F}.Release|Any CPU.ActiveCfg = Release|Any CPU
		{A363EE00-3E36-49B8-8E5D-E74ECF48346F}.Release|Any CPU.Build.0 = Release|Any CPU
		{EA289010-5026-4F81-BA79-CA7799BAC711}.Debug|Any CPU.ActiveCfg = Debug|Any CPU
		{EA289010-5026-4F81-BA79-CA7799BAC711}.Debug|Any CPU.Build.0 = Debug|Any CPU
		{EA289010-5026-4F81-BA79-CA7799BAC711}.Release|Any CPU.ActiveCfg = Release|Any CPU
		{EA289010-5026-4F81-BA79-CA7799BAC711}.Release|Any CPU.Build.0 = Release|Any CPU
		{3ABC9338-F80C-426A-A36A-2C11496D3B75}.Debug|Any CPU.ActiveCfg = Debug|Any CPU
		{3ABC9338-F80C-426A-A36A-2C11496D3B75}.Debug|Any CPU.Build.0 = Debug|Any CPU
		{3ABC9338-F80C-426A-A36A-2C11496D3B75}.Release|Any CPU.ActiveCfg = Release|Any CPU
		{3ABC9338-F80C-426A-A36A-2C11496D3B75}.Release|Any CPU.Build.0 = Release|Any CPU
		{F11D6EF9-7F0E-4074-9572-1976CD19FE70}.Debug|Any CPU.ActiveCfg = Debug|Any CPU
		{F11D6EF9-7F0E-4074-9572-1976CD19FE70}.Debug|Any CPU.Build.0 = Debug|Any CPU
		{F11D6EF9-7F0E-4074-9572-1976CD19FE70}.Release|Any CPU.ActiveCfg = Release|Any CPU
		{F11D6EF9-7F0E-4074-9572-1976CD19FE70}.Release|Any CPU.Build.0 = Release|Any CPU
		{0306283B-A82C-4979-9014-C036E09809F3}.Debug|Any CPU.ActiveCfg = Debug|Any CPU
		{0306283B-A82C-4979-9014-C036E09809F3}.Debug|Any CPU.Build.0 = Debug|Any CPU
		{0306283B-A82C-4979-9014-C036E09809F3}.Release|Any CPU.ActiveCfg = Release|Any CPU
		{0306283B-A82C-4979-9014-C036E09809F3}.Release|Any CPU.Build.0 = Release|Any CPU
		{A8845497-1FFA-4B73-AD59-7069E4523608}.Debug|Any CPU.ActiveCfg = Debug|Any CPU
		{A8845497-1FFA-4B73-AD59-7069E4523608}.Debug|Any CPU.Build.0 = Debug|Any CPU
		{A8845497-1FFA-4B73-AD59-7069E4523608}.Release|Any CPU.ActiveCfg = Release|Any CPU
		{A8845497-1FFA-4B73-AD59-7069E4523608}.Release|Any CPU.Build.0 = Release|Any CPU
		{6BFE0EF2-1983-4555-B23B-3D6F79A4A4AD}.Debug|Any CPU.ActiveCfg = Debug|Any CPU
		{6BFE0EF2-1983-4555-B23B-3D6F79A4A4AD}.Debug|Any CPU.Build.0 = Debug|Any CPU
		{6BFE0EF2-1983-4555-B23B-3D6F79A4A4AD}.Release|Any CPU.ActiveCfg = Release|Any CPU
		{6BFE0EF2-1983-4555-B23B-3D6F79A4A4AD}.Release|Any CPU.Build.0 = Release|Any CPU
		{A19A1EC3-BB68-42A1-8D26-86985A69B437}.Debug|Any CPU.ActiveCfg = Debug|Any CPU
		{A19A1EC3-BB68-42A1-8D26-86985A69B437}.Debug|Any CPU.Build.0 = Debug|Any CPU
		{A19A1EC3-BB68-42A1-8D26-86985A69B437}.Release|Any CPU.ActiveCfg = Release|Any CPU
		{A19A1EC3-BB68-42A1-8D26-86985A69B437}.Release|Any CPU.Build.0 = Release|Any CPU
		{DA2AA8BA-7E24-43B0-B338-783BF8C5D3BD}.Debug|Any CPU.ActiveCfg = Debug|Any CPU
		{DA2AA8BA-7E24-43B0-B338-783BF8C5D3BD}.Debug|Any CPU.Build.0 = Debug|Any CPU
		{DA2AA8BA-7E24-43B0-B338-783BF8C5D3BD}.Release|Any CPU.ActiveCfg = Release|Any CPU
		{DA2AA8BA-7E24-43B0-B338-783BF8C5D3BD}.Release|Any CPU.Build.0 = Release|Any CPU
		{BD740C51-CDA8-40DC-B6AF-533E1C09AED0}.Debug|Any CPU.ActiveCfg = Debug|Any CPU
		{BD740C51-CDA8-40DC-B6AF-533E1C09AED0}.Debug|Any CPU.Build.0 = Debug|Any CPU
		{BD740C51-CDA8-40DC-B6AF-533E1C09AED0}.Release|Any CPU.ActiveCfg = Release|Any CPU
		{BD740C51-CDA8-40DC-B6AF-533E1C09AED0}.Release|Any CPU.Build.0 = Release|Any CPU
		{A4D0A008-CC6C-4A0E-996E-50CC168F0917}.Debug|Any CPU.ActiveCfg = Debug|Any CPU
		{A4D0A008-CC6C-4A0E-996E-50CC168F0917}.Debug|Any CPU.Build.0 = Debug|Any CPU
		{A4D0A008-CC6C-4A0E-996E-50CC168F0917}.Release|Any CPU.ActiveCfg = Release|Any CPU
		{A4D0A008-CC6C-4A0E-996E-50CC168F0917}.Release|Any CPU.Build.0 = Release|Any CPU
		{53D3CF11-1210-40A1-8604-A81B8FB7587F}.Debug|Any CPU.ActiveCfg = Debug|Any CPU
		{53D3CF11-1210-40A1-8604-A81B8FB7587F}.Debug|Any CPU.Build.0 = Debug|Any CPU
		{53D3CF11-1210-40A1-8604-A81B8FB7587F}.Release|Any CPU.ActiveCfg = Release|Any CPU
		{53D3CF11-1210-40A1-8604-A81B8FB7587F}.Release|Any CPU.Build.0 = Release|Any CPU
		{577660FC-F232-4E0F-B53D-D93AF093CABC}.Debug|Any CPU.ActiveCfg = Debug|Any CPU
		{577660FC-F232-4E0F-B53D-D93AF093CABC}.Debug|Any CPU.Build.0 = Debug|Any CPU
		{577660FC-F232-4E0F-B53D-D93AF093CABC}.Release|Any CPU.ActiveCfg = Release|Any CPU
		{577660FC-F232-4E0F-B53D-D93AF093CABC}.Release|Any CPU.Build.0 = Release|Any CPU
		{59EBBCB8-B55C-44BC-B7B1-92902C26729C}.Debug|Any CPU.ActiveCfg = Debug|Any CPU
		{59EBBCB8-B55C-44BC-B7B1-92902C26729C}.Debug|Any CPU.Build.0 = Debug|Any CPU
		{59EBBCB8-B55C-44BC-B7B1-92902C26729C}.Release|Any CPU.ActiveCfg = Release|Any CPU
		{59EBBCB8-B55C-44BC-B7B1-92902C26729C}.Release|Any CPU.Build.0 = Release|Any CPU
		{8B95DC83-CE3D-488D-864A-75713E26DEF0}.Debug|Any CPU.ActiveCfg = Debug|Any CPU
		{8B95DC83-CE3D-488D-864A-75713E26DEF0}.Debug|Any CPU.Build.0 = Debug|Any CPU
		{8B95DC83-CE3D-488D-864A-75713E26DEF0}.Release|Any CPU.ActiveCfg = Release|Any CPU
		{8B95DC83-CE3D-488D-864A-75713E26DEF0}.Release|Any CPU.Build.0 = Release|Any CPU
		{768BF2A0-D893-4A69-8144-840AD3A49CE5}.Debug|Any CPU.ActiveCfg = Debug|Any CPU
		{768BF2A0-D893-4A69-8144-840AD3A49CE5}.Debug|Any CPU.Build.0 = Debug|Any CPU
		{768BF2A0-D893-4A69-8144-840AD3A49CE5}.Release|Any CPU.ActiveCfg = Release|Any CPU
		{768BF2A0-D893-4A69-8144-840AD3A49CE5}.Release|Any CPU.Build.0 = Release|Any CPU
		{4101F4E4-5E8F-4887-8D68-226E528D740E}.Debug|Any CPU.ActiveCfg = Debug|Any CPU
		{4101F4E4-5E8F-4887-8D68-226E528D740E}.Debug|Any CPU.Build.0 = Debug|Any CPU
		{4101F4E4-5E8F-4887-8D68-226E528D740E}.Release|Any CPU.ActiveCfg = Release|Any CPU
		{4101F4E4-5E8F-4887-8D68-226E528D740E}.Release|Any CPU.Build.0 = Release|Any CPU
		{8F8F3390-9778-4D07-8165-B5DE33E7B346}.Debug|Any CPU.ActiveCfg = Debug|Any CPU
		{8F8F3390-9778-4D07-8165-B5DE33E7B346}.Debug|Any CPU.Build.0 = Debug|Any CPU
		{8F8F3390-9778-4D07-8165-B5DE33E7B346}.Release|Any CPU.ActiveCfg = Release|Any CPU
		{8F8F3390-9778-4D07-8165-B5DE33E7B346}.Release|Any CPU.Build.0 = Release|Any CPU
		{94145F1F-1F8F-4C8F-B7F4-F36D8FE3F3C7}.Debug|Any CPU.ActiveCfg = Debug|Any CPU
		{94145F1F-1F8F-4C8F-B7F4-F36D8FE3F3C7}.Debug|Any CPU.Build.0 = Debug|Any CPU
		{94145F1F-1F8F-4C8F-B7F4-F36D8FE3F3C7}.Release|Any CPU.ActiveCfg = Release|Any CPU
		{94145F1F-1F8F-4C8F-B7F4-F36D8FE3F3C7}.Release|Any CPU.Build.0 = Release|Any CPU
		{07B0918F-50BA-4CFD-9183-00AC2F9CBE98}.Debug|Any CPU.ActiveCfg = Debug|Any CPU
		{07B0918F-50BA-4CFD-9183-00AC2F9CBE98}.Debug|Any CPU.Build.0 = Debug|Any CPU
		{07B0918F-50BA-4CFD-9183-00AC2F9CBE98}.Release|Any CPU.ActiveCfg = Release|Any CPU
		{07B0918F-50BA-4CFD-9183-00AC2F9CBE98}.Release|Any CPU.Build.0 = Release|Any CPU
		{EE740549-13D8-4E5B-9EAE-F7FD2ECA5D4D}.Debug|Any CPU.ActiveCfg = Debug|Any CPU
		{EE740549-13D8-4E5B-9EAE-F7FD2ECA5D4D}.Debug|Any CPU.Build.0 = Debug|Any CPU
		{EE740549-13D8-4E5B-9EAE-F7FD2ECA5D4D}.Release|Any CPU.ActiveCfg = Release|Any CPU
		{EE740549-13D8-4E5B-9EAE-F7FD2ECA5D4D}.Release|Any CPU.Build.0 = Release|Any CPU
		{41881F56-1220-40E6-B214-969E142B652D}.Debug|Any CPU.ActiveCfg = Debug|Any CPU
		{41881F56-1220-40E6-B214-969E142B652D}.Debug|Any CPU.Build.0 = Debug|Any CPU
		{41881F56-1220-40E6-B214-969E142B652D}.Release|Any CPU.ActiveCfg = Release|Any CPU
		{41881F56-1220-40E6-B214-969E142B652D}.Release|Any CPU.Build.0 = Release|Any CPU
		{528D1A4D-2575-4F55-BD69-06127CDBABC6}.Debug|Any CPU.ActiveCfg = Debug|Any CPU
		{528D1A4D-2575-4F55-BD69-06127CDBABC6}.Debug|Any CPU.Build.0 = Debug|Any CPU
		{528D1A4D-2575-4F55-BD69-06127CDBABC6}.Release|Any CPU.ActiveCfg = Release|Any CPU
		{528D1A4D-2575-4F55-BD69-06127CDBABC6}.Release|Any CPU.Build.0 = Release|Any CPU
		{FC2D6006-A8ED-4B89-9C1E-5C0E454C7139}.Debug|Any CPU.ActiveCfg = Debug|Any CPU
		{FC2D6006-A8ED-4B89-9C1E-5C0E454C7139}.Debug|Any CPU.Build.0 = Debug|Any CPU
		{FC2D6006-A8ED-4B89-9C1E-5C0E454C7139}.Release|Any CPU.ActiveCfg = Release|Any CPU
		{FC2D6006-A8ED-4B89-9C1E-5C0E454C7139}.Release|Any CPU.Build.0 = Release|Any CPU
		{418E0126-35B0-4345-86CD-E614801BC557}.Debug|Any CPU.ActiveCfg = Debug|Any CPU
		{418E0126-35B0-4345-86CD-E614801BC557}.Debug|Any CPU.Build.0 = Debug|Any CPU
		{418E0126-35B0-4345-86CD-E614801BC557}.Release|Any CPU.ActiveCfg = Release|Any CPU
		{418E0126-35B0-4345-86CD-E614801BC557}.Release|Any CPU.Build.0 = Release|Any CPU
		{2894A773-8F4A-44F4-8D5C-64B4E75A88CE}.Debug|Any CPU.ActiveCfg = Debug|Any CPU
		{2894A773-8F4A-44F4-8D5C-64B4E75A88CE}.Debug|Any CPU.Build.0 = Debug|Any CPU
		{2894A773-8F4A-44F4-8D5C-64B4E75A88CE}.Release|Any CPU.ActiveCfg = Release|Any CPU
		{2894A773-8F4A-44F4-8D5C-64B4E75A88CE}.Release|Any CPU.Build.0 = Release|Any CPU
		{1F4D94D3-BB2C-4E35-ADDF-5328B8C68D77}.Debug|Any CPU.ActiveCfg = Debug|Any CPU
		{1F4D94D3-BB2C-4E35-ADDF-5328B8C68D77}.Debug|Any CPU.Build.0 = Debug|Any CPU
		{1F4D94D3-BB2C-4E35-ADDF-5328B8C68D77}.Release|Any CPU.ActiveCfg = Release|Any CPU
		{1F4D94D3-BB2C-4E35-ADDF-5328B8C68D77}.Release|Any CPU.Build.0 = Release|Any CPU
		{9C66B411-C53D-4081-8CCF-31AF30067BC5}.Debug|Any CPU.ActiveCfg = Debug|Any CPU
		{9C66B411-C53D-4081-8CCF-31AF30067BC5}.Debug|Any CPU.Build.0 = Debug|Any CPU
		{9C66B411-C53D-4081-8CCF-31AF30067BC5}.Release|Any CPU.ActiveCfg = Release|Any CPU
		{9C66B411-C53D-4081-8CCF-31AF30067BC5}.Release|Any CPU.Build.0 = Release|Any CPU
		{12A576FF-5BEF-4859-B4B8-32514F81153A}.Debug|Any CPU.ActiveCfg = Debug|Any CPU
		{12A576FF-5BEF-4859-B4B8-32514F81153A}.Debug|Any CPU.Build.0 = Debug|Any CPU
		{12A576FF-5BEF-4859-B4B8-32514F81153A}.Release|Any CPU.ActiveCfg = Release|Any CPU
		{12A576FF-5BEF-4859-B4B8-32514F81153A}.Release|Any CPU.Build.0 = Release|Any CPU
		{04AE7CEC-82A2-458F-8C39-EC2F51D07E74}.Debug|Any CPU.ActiveCfg = Debug|Any CPU
		{04AE7CEC-82A2-458F-8C39-EC2F51D07E74}.Debug|Any CPU.Build.0 = Debug|Any CPU
		{04AE7CEC-82A2-458F-8C39-EC2F51D07E74}.Release|Any CPU.ActiveCfg = Release|Any CPU
		{04AE7CEC-82A2-458F-8C39-EC2F51D07E74}.Release|Any CPU.Build.0 = Release|Any CPU
		{A9820CCA-FD7E-42AD-A418-D4F0A69B7532}.Debug|Any CPU.ActiveCfg = Debug|Any CPU
		{A9820CCA-FD7E-42AD-A418-D4F0A69B7532}.Debug|Any CPU.Build.0 = Debug|Any CPU
		{A9820CCA-FD7E-42AD-A418-D4F0A69B7532}.Release|Any CPU.ActiveCfg = Release|Any CPU
		{A9820CCA-FD7E-42AD-A418-D4F0A69B7532}.Release|Any CPU.Build.0 = Release|Any CPU
		{88900BC1-FC46-4F56-A870-F3398EF0FEDC}.Debug|Any CPU.ActiveCfg = Debug|Any CPU
		{88900BC1-FC46-4F56-A870-F3398EF0FEDC}.Debug|Any CPU.Build.0 = Debug|Any CPU
		{88900BC1-FC46-4F56-A870-F3398EF0FEDC}.Release|Any CPU.ActiveCfg = Release|Any CPU
		{88900BC1-FC46-4F56-A870-F3398EF0FEDC}.Release|Any CPU.Build.0 = Release|Any CPU
		{834BB738-F0C7-4773-9EE1-E8B7EAAFF945}.Debug|Any CPU.ActiveCfg = Debug|Any CPU
		{834BB738-F0C7-4773-9EE1-E8B7EAAFF945}.Debug|Any CPU.Build.0 = Debug|Any CPU
		{834BB738-F0C7-4773-9EE1-E8B7EAAFF945}.Release|Any CPU.ActiveCfg = Release|Any CPU
		{834BB738-F0C7-4773-9EE1-E8B7EAAFF945}.Release|Any CPU.Build.0 = Release|Any CPU
		{559C6747-2637-4743-AA41-B4A8DA7AFCD0}.Debug|Any CPU.ActiveCfg = Debug|Any CPU
		{559C6747-2637-4743-AA41-B4A8DA7AFCD0}.Debug|Any CPU.Build.0 = Debug|Any CPU
		{559C6747-2637-4743-AA41-B4A8DA7AFCD0}.Release|Any CPU.ActiveCfg = Release|Any CPU
		{559C6747-2637-4743-AA41-B4A8DA7AFCD0}.Release|Any CPU.Build.0 = Release|Any CPU
		{FBCFA855-823B-4787-AF34-7603BF9A333A}.Debug|Any CPU.ActiveCfg = Debug|Any CPU
		{FBCFA855-823B-4787-AF34-7603BF9A333A}.Debug|Any CPU.Build.0 = Debug|Any CPU
		{FBCFA855-823B-4787-AF34-7603BF9A333A}.Release|Any CPU.ActiveCfg = Release|Any CPU
		{FBCFA855-823B-4787-AF34-7603BF9A333A}.Release|Any CPU.Build.0 = Release|Any CPU
		{7C957FEC-B68D-48FC-A7A1-C6C8904DA2D2}.Debug|Any CPU.ActiveCfg = Debug|Any CPU
		{7C957FEC-B68D-48FC-A7A1-C6C8904DA2D2}.Debug|Any CPU.Build.0 = Debug|Any CPU
		{7C957FEC-B68D-48FC-A7A1-C6C8904DA2D2}.Release|Any CPU.ActiveCfg = Release|Any CPU
		{7C957FEC-B68D-48FC-A7A1-C6C8904DA2D2}.Release|Any CPU.Build.0 = Release|Any CPU
		{DC5E09D7-AE04-4B8F-8F8D-7437E7CA2821}.Debug|Any CPU.ActiveCfg = Debug|Any CPU
		{DC5E09D7-AE04-4B8F-8F8D-7437E7CA2821}.Debug|Any CPU.Build.0 = Debug|Any CPU
		{DC5E09D7-AE04-4B8F-8F8D-7437E7CA2821}.Release|Any CPU.ActiveCfg = Release|Any CPU
		{DC5E09D7-AE04-4B8F-8F8D-7437E7CA2821}.Release|Any CPU.Build.0 = Release|Any CPU
		{D36F0AC0-6BA1-4D55-BC18-806446AF3D87}.Debug|Any CPU.ActiveCfg = Debug|Any CPU
		{D36F0AC0-6BA1-4D55-BC18-806446AF3D87}.Debug|Any CPU.Build.0 = Debug|Any CPU
		{D36F0AC0-6BA1-4D55-BC18-806446AF3D87}.Release|Any CPU.ActiveCfg = Release|Any CPU
		{D36F0AC0-6BA1-4D55-BC18-806446AF3D87}.Release|Any CPU.Build.0 = Release|Any CPU
		{8D3070A2-9EDC-45D5-B8DF-E99E87471B78}.Debug|Any CPU.ActiveCfg = Debug|Any CPU
		{8D3070A2-9EDC-45D5-B8DF-E99E87471B78}.Debug|Any CPU.Build.0 = Debug|Any CPU
		{8D3070A2-9EDC-45D5-B8DF-E99E87471B78}.Release|Any CPU.ActiveCfg = Release|Any CPU
		{8D3070A2-9EDC-45D5-B8DF-E99E87471B78}.Release|Any CPU.Build.0 = Release|Any CPU
		{1C262C15-C935-431A-B46F-48E30C724794}.Debug|Any CPU.ActiveCfg = Debug|Any CPU
		{1C262C15-C935-431A-B46F-48E30C724794}.Debug|Any CPU.Build.0 = Debug|Any CPU
		{1C262C15-C935-431A-B46F-48E30C724794}.Release|Any CPU.ActiveCfg = Release|Any CPU
		{1C262C15-C935-431A-B46F-48E30C724794}.Release|Any CPU.Build.0 = Release|Any CPU
		{52012ABA-FFE7-49BF-92F2-346977995083}.Debug|Any CPU.ActiveCfg = Debug|Any CPU
		{52012ABA-FFE7-49BF-92F2-346977995083}.Debug|Any CPU.Build.0 = Debug|Any CPU
		{52012ABA-FFE7-49BF-92F2-346977995083}.Release|Any CPU.ActiveCfg = Release|Any CPU
		{52012ABA-FFE7-49BF-92F2-346977995083}.Release|Any CPU.Build.0 = Release|Any CPU
		{28CA466D-0D98-4DE2-82F4-79AFE071B5CD}.Debug|Any CPU.ActiveCfg = Debug|Any CPU
		{28CA466D-0D98-4DE2-82F4-79AFE071B5CD}.Debug|Any CPU.Build.0 = Debug|Any CPU
		{28CA466D-0D98-4DE2-82F4-79AFE071B5CD}.Release|Any CPU.ActiveCfg = Release|Any CPU
		{28CA466D-0D98-4DE2-82F4-79AFE071B5CD}.Release|Any CPU.Build.0 = Release|Any CPU
		{D9FABFF4-DB82-4FC2-A0D3-7C8533C1CC7B}.Debug|Any CPU.ActiveCfg = Debug|Any CPU
		{D9FABFF4-DB82-4FC2-A0D3-7C8533C1CC7B}.Debug|Any CPU.Build.0 = Debug|Any CPU
		{D9FABFF4-DB82-4FC2-A0D3-7C8533C1CC7B}.Release|Any CPU.ActiveCfg = Release|Any CPU
		{D9FABFF4-DB82-4FC2-A0D3-7C8533C1CC7B}.Release|Any CPU.Build.0 = Release|Any CPU
		{F91949B6-4937-4051-9322-45F6ADB32106}.Debug|Any CPU.ActiveCfg = Debug|Any CPU
		{F91949B6-4937-4051-9322-45F6ADB32106}.Debug|Any CPU.Build.0 = Debug|Any CPU
		{F91949B6-4937-4051-9322-45F6ADB32106}.Release|Any CPU.ActiveCfg = Release|Any CPU
		{F91949B6-4937-4051-9322-45F6ADB32106}.Release|Any CPU.Build.0 = Release|Any CPU
		{CF3FF8E3-E324-403A-9841-B4DD960A36E2}.Debug|Any CPU.ActiveCfg = Debug|Any CPU
		{CF3FF8E3-E324-403A-9841-B4DD960A36E2}.Debug|Any CPU.Build.0 = Debug|Any CPU
		{CF3FF8E3-E324-403A-9841-B4DD960A36E2}.Release|Any CPU.ActiveCfg = Release|Any CPU
		{CF3FF8E3-E324-403A-9841-B4DD960A36E2}.Release|Any CPU.Build.0 = Release|Any CPU
		{E37357F2-8A90-4815-8667-EC61CD836AB4}.Debug|Any CPU.ActiveCfg = Debug|Any CPU
		{E37357F2-8A90-4815-8667-EC61CD836AB4}.Debug|Any CPU.Build.0 = Debug|Any CPU
		{E37357F2-8A90-4815-8667-EC61CD836AB4}.Release|Any CPU.ActiveCfg = Release|Any CPU
		{E37357F2-8A90-4815-8667-EC61CD836AB4}.Release|Any CPU.Build.0 = Release|Any CPU
		{0AF99DD7-C6C3-40CE-BFC4-DBA5F9289B4D}.Debug|Any CPU.ActiveCfg = Debug|Any CPU
		{0AF99DD7-C6C3-40CE-BFC4-DBA5F9289B4D}.Debug|Any CPU.Build.0 = Debug|Any CPU
		{0AF99DD7-C6C3-40CE-BFC4-DBA5F9289B4D}.Release|Any CPU.ActiveCfg = Release|Any CPU
		{0AF99DD7-C6C3-40CE-BFC4-DBA5F9289B4D}.Release|Any CPU.Build.0 = Release|Any CPU
		{26D0A90D-AAC6-4D4E-A982-6B1B61B8350F}.Debug|Any CPU.ActiveCfg = Debug|Any CPU
		{26D0A90D-AAC6-4D4E-A982-6B1B61B8350F}.Debug|Any CPU.Build.0 = Debug|Any CPU
		{26D0A90D-AAC6-4D4E-A982-6B1B61B8350F}.Release|Any CPU.ActiveCfg = Release|Any CPU
		{26D0A90D-AAC6-4D4E-A982-6B1B61B8350F}.Release|Any CPU.Build.0 = Release|Any CPU
		{C657711D-82D6-401A-B9A5-18F85A3A7D32}.Debug|Any CPU.ActiveCfg = Debug|Any CPU
		{C657711D-82D6-401A-B9A5-18F85A3A7D32}.Debug|Any CPU.Build.0 = Debug|Any CPU
		{C657711D-82D6-401A-B9A5-18F85A3A7D32}.Release|Any CPU.ActiveCfg = Release|Any CPU
		{C657711D-82D6-401A-B9A5-18F85A3A7D32}.Release|Any CPU.Build.0 = Release|Any CPU
		{9C03052E-B9EB-432C-A1AC-F961F5075C9D}.Debug|Any CPU.ActiveCfg = Debug|Any CPU
		{9C03052E-B9EB-432C-A1AC-F961F5075C9D}.Debug|Any CPU.Build.0 = Debug|Any CPU
		{9C03052E-B9EB-432C-A1AC-F961F5075C9D}.Release|Any CPU.ActiveCfg = Release|Any CPU
		{9C03052E-B9EB-432C-A1AC-F961F5075C9D}.Release|Any CPU.Build.0 = Release|Any CPU
		{8431A746-C642-4B07-AD8B-3F7E55C71E9B}.Debug|Any CPU.ActiveCfg = Debug|Any CPU
		{8431A746-C642-4B07-AD8B-3F7E55C71E9B}.Debug|Any CPU.Build.0 = Debug|Any CPU
		{8431A746-C642-4B07-AD8B-3F7E55C71E9B}.Release|Any CPU.ActiveCfg = Release|Any CPU
		{8431A746-C642-4B07-AD8B-3F7E55C71E9B}.Release|Any CPU.Build.0 = Release|Any CPU
		{B43651C4-2E60-4269-B641-9AC17850EC92}.Debug|Any CPU.ActiveCfg = Debug|Any CPU
		{B43651C4-2E60-4269-B641-9AC17850EC92}.Debug|Any CPU.Build.0 = Debug|Any CPU
		{B43651C4-2E60-4269-B641-9AC17850EC92}.Release|Any CPU.ActiveCfg = Release|Any CPU
		{B43651C4-2E60-4269-B641-9AC17850EC92}.Release|Any CPU.Build.0 = Release|Any CPU
		{7B141AC9-6795-4B8C-9A90-449FCA84AAE0}.Debug|Any CPU.ActiveCfg = Debug|Any CPU
		{7B141AC9-6795-4B8C-9A90-449FCA84AAE0}.Debug|Any CPU.Build.0 = Debug|Any CPU
		{7B141AC9-6795-4B8C-9A90-449FCA84AAE0}.Release|Any CPU.ActiveCfg = Release|Any CPU
		{7B141AC9-6795-4B8C-9A90-449FCA84AAE0}.Release|Any CPU.Build.0 = Release|Any CPU
		{A3062687-6A36-4C1A-8D23-D8088566143C}.Debug|Any CPU.ActiveCfg = Debug|Any CPU
		{A3062687-6A36-4C1A-8D23-D8088566143C}.Debug|Any CPU.Build.0 = Debug|Any CPU
		{A3062687-6A36-4C1A-8D23-D8088566143C}.Release|Any CPU.ActiveCfg = Release|Any CPU
		{A3062687-6A36-4C1A-8D23-D8088566143C}.Release|Any CPU.Build.0 = Release|Any CPU
		{DEAF388B-4F6E-4666-B348-5A7E3A26E8D3}.Debug|Any CPU.ActiveCfg = Debug|Any CPU
		{DEAF388B-4F6E-4666-B348-5A7E3A26E8D3}.Debug|Any CPU.Build.0 = Debug|Any CPU
		{DEAF388B-4F6E-4666-B348-5A7E3A26E8D3}.Release|Any CPU.ActiveCfg = Release|Any CPU
		{DEAF388B-4F6E-4666-B348-5A7E3A26E8D3}.Release|Any CPU.Build.0 = Release|Any CPU
		{D604A10A-9F31-4291-A2B0-92FDA6294DED}.Debug|Any CPU.ActiveCfg = Debug|Any CPU
		{D604A10A-9F31-4291-A2B0-92FDA6294DED}.Debug|Any CPU.Build.0 = Debug|Any CPU
		{D604A10A-9F31-4291-A2B0-92FDA6294DED}.Release|Any CPU.ActiveCfg = Release|Any CPU
		{D604A10A-9F31-4291-A2B0-92FDA6294DED}.Release|Any CPU.Build.0 = Release|Any CPU
		{95260FDE-4B68-43AA-907C-A45537B43D63}.Debug|Any CPU.ActiveCfg = Debug|Any CPU
		{95260FDE-4B68-43AA-907C-A45537B43D63}.Debug|Any CPU.Build.0 = Debug|Any CPU
		{95260FDE-4B68-43AA-907C-A45537B43D63}.Release|Any CPU.ActiveCfg = Release|Any CPU
		{95260FDE-4B68-43AA-907C-A45537B43D63}.Release|Any CPU.Build.0 = Release|Any CPU
		{FA45C903-5396-4093-B922-E9C804B2FF6A}.Debug|Any CPU.ActiveCfg = Debug|Any CPU
		{FA45C903-5396-4093-B922-E9C804B2FF6A}.Debug|Any CPU.Build.0 = Debug|Any CPU
		{FA45C903-5396-4093-B922-E9C804B2FF6A}.Release|Any CPU.ActiveCfg = Release|Any CPU
		{FA45C903-5396-4093-B922-E9C804B2FF6A}.Release|Any CPU.Build.0 = Release|Any CPU
		{BA3FBAE1-153C-4EBD-8CBB-2193B9D5A850}.Debug|Any CPU.ActiveCfg = Debug|Any CPU
		{BA3FBAE1-153C-4EBD-8CBB-2193B9D5A850}.Debug|Any CPU.Build.0 = Debug|Any CPU
		{BA3FBAE1-153C-4EBD-8CBB-2193B9D5A850}.Release|Any CPU.ActiveCfg = Release|Any CPU
		{BA3FBAE1-153C-4EBD-8CBB-2193B9D5A850}.Release|Any CPU.Build.0 = Release|Any CPU
		{033E1C9C-C328-49B6-BD92-CE03CC5E6EEE}.Debug|Any CPU.ActiveCfg = Debug|Any CPU
		{033E1C9C-C328-49B6-BD92-CE03CC5E6EEE}.Debug|Any CPU.Build.0 = Debug|Any CPU
		{033E1C9C-C328-49B6-BD92-CE03CC5E6EEE}.Release|Any CPU.ActiveCfg = Release|Any CPU
		{033E1C9C-C328-49B6-BD92-CE03CC5E6EEE}.Release|Any CPU.Build.0 = Release|Any CPU
		{188F617D-0491-4CAE-996D-DBD706DF179E}.Debug|Any CPU.ActiveCfg = Debug|Any CPU
		{188F617D-0491-4CAE-996D-DBD706DF179E}.Debug|Any CPU.Build.0 = Debug|Any CPU
		{188F617D-0491-4CAE-996D-DBD706DF179E}.Release|Any CPU.ActiveCfg = Release|Any CPU
		{188F617D-0491-4CAE-996D-DBD706DF179E}.Release|Any CPU.Build.0 = Release|Any CPU
		{936EA77E-FBCB-4277-9B08-29642D32046F}.Debug|Any CPU.ActiveCfg = Debug|Any CPU
		{936EA77E-FBCB-4277-9B08-29642D32046F}.Debug|Any CPU.Build.0 = Debug|Any CPU
		{936EA77E-FBCB-4277-9B08-29642D32046F}.Release|Any CPU.ActiveCfg = Release|Any CPU
		{936EA77E-FBCB-4277-9B08-29642D32046F}.Release|Any CPU.Build.0 = Release|Any CPU
		{7DECE6D5-F902-4A3B-9F8F-F2E0DB2D949A}.Debug|Any CPU.ActiveCfg = Debug|Any CPU
		{7DECE6D5-F902-4A3B-9F8F-F2E0DB2D949A}.Debug|Any CPU.Build.0 = Debug|Any CPU
		{7DECE6D5-F902-4A3B-9F8F-F2E0DB2D949A}.Release|Any CPU.ActiveCfg = Release|Any CPU
		{7DECE6D5-F902-4A3B-9F8F-F2E0DB2D949A}.Release|Any CPU.Build.0 = Release|Any CPU
		{9FA7CFDD-74DC-436C-82A8-020E78315FA2}.Debug|Any CPU.ActiveCfg = Debug|Any CPU
		{9FA7CFDD-74DC-436C-82A8-020E78315FA2}.Debug|Any CPU.Build.0 = Debug|Any CPU
		{9FA7CFDD-74DC-436C-82A8-020E78315FA2}.Release|Any CPU.ActiveCfg = Release|Any CPU
		{9FA7CFDD-74DC-436C-82A8-020E78315FA2}.Release|Any CPU.Build.0 = Release|Any CPU
		{404199CA-F912-479E-A541-1F65398E3477}.Debug|Any CPU.ActiveCfg = Debug|Any CPU
		{404199CA-F912-479E-A541-1F65398E3477}.Debug|Any CPU.Build.0 = Debug|Any CPU
		{404199CA-F912-479E-A541-1F65398E3477}.Release|Any CPU.ActiveCfg = Release|Any CPU
		{404199CA-F912-479E-A541-1F65398E3477}.Release|Any CPU.Build.0 = Release|Any CPU
		{10FE5B41-73EE-4B06-A032-20DE9C38E646}.Debug|Any CPU.ActiveCfg = Debug|Any CPU
		{10FE5B41-73EE-4B06-A032-20DE9C38E646}.Debug|Any CPU.Build.0 = Debug|Any CPU
		{10FE5B41-73EE-4B06-A032-20DE9C38E646}.Release|Any CPU.ActiveCfg = Release|Any CPU
		{10FE5B41-73EE-4B06-A032-20DE9C38E646}.Release|Any CPU.Build.0 = Release|Any CPU
		{351B3ACB-5A79-4ACE-9C45-449D4F649EC7}.Debug|Any CPU.ActiveCfg = Debug|Any CPU
		{351B3ACB-5A79-4ACE-9C45-449D4F649EC7}.Debug|Any CPU.Build.0 = Debug|Any CPU
		{351B3ACB-5A79-4ACE-9C45-449D4F649EC7}.Release|Any CPU.ActiveCfg = Release|Any CPU
		{351B3ACB-5A79-4ACE-9C45-449D4F649EC7}.Release|Any CPU.Build.0 = Release|Any CPU
		{D599D3F8-8F57-43A4-96D9-2B727FEBC5F2}.Debug|Any CPU.ActiveCfg = Debug|Any CPU
		{D599D3F8-8F57-43A4-96D9-2B727FEBC5F2}.Debug|Any CPU.Build.0 = Debug|Any CPU
		{D599D3F8-8F57-43A4-96D9-2B727FEBC5F2}.Release|Any CPU.ActiveCfg = Release|Any CPU
		{D599D3F8-8F57-43A4-96D9-2B727FEBC5F2}.Release|Any CPU.Build.0 = Release|Any CPU
		{EAD6FF6B-AF04-4CBB-B6B8-AE8311A6C7E9}.Debug|Any CPU.ActiveCfg = Debug|Any CPU
		{EAD6FF6B-AF04-4CBB-B6B8-AE8311A6C7E9}.Debug|Any CPU.Build.0 = Debug|Any CPU
		{EAD6FF6B-AF04-4CBB-B6B8-AE8311A6C7E9}.Release|Any CPU.ActiveCfg = Release|Any CPU
		{EAD6FF6B-AF04-4CBB-B6B8-AE8311A6C7E9}.Release|Any CPU.Build.0 = Release|Any CPU
		{B4A1DD8A-A81F-456C-807F-83C795424AF7}.Debug|Any CPU.ActiveCfg = Debug|Any CPU
		{B4A1DD8A-A81F-456C-807F-83C795424AF7}.Debug|Any CPU.Build.0 = Debug|Any CPU
		{B4A1DD8A-A81F-456C-807F-83C795424AF7}.Release|Any CPU.ActiveCfg = Release|Any CPU
		{B4A1DD8A-A81F-456C-807F-83C795424AF7}.Release|Any CPU.Build.0 = Release|Any CPU
		{042162C1-B588-47AE-84E7-2A89B625752C}.Debug|Any CPU.ActiveCfg = Debug|Any CPU
		{042162C1-B588-47AE-84E7-2A89B625752C}.Debug|Any CPU.Build.0 = Debug|Any CPU
		{042162C1-B588-47AE-84E7-2A89B625752C}.Release|Any CPU.ActiveCfg = Release|Any CPU
		{042162C1-B588-47AE-84E7-2A89B625752C}.Release|Any CPU.Build.0 = Release|Any CPU
		{3DA629EF-B914-42D7-B68F-614B51F9BD4C}.Debug|Any CPU.ActiveCfg = Debug|Any CPU
		{3DA629EF-B914-42D7-B68F-614B51F9BD4C}.Debug|Any CPU.Build.0 = Debug|Any CPU
		{3DA629EF-B914-42D7-B68F-614B51F9BD4C}.Release|Any CPU.ActiveCfg = Release|Any CPU
		{3DA629EF-B914-42D7-B68F-614B51F9BD4C}.Release|Any CPU.Build.0 = Release|Any CPU
		{024C7639-1DD3-4F8E-9AE5-17BB5A26DE00}.Debug|Any CPU.ActiveCfg = Debug|Any CPU
		{024C7639-1DD3-4F8E-9AE5-17BB5A26DE00}.Debug|Any CPU.Build.0 = Debug|Any CPU
		{024C7639-1DD3-4F8E-9AE5-17BB5A26DE00}.Release|Any CPU.ActiveCfg = Release|Any CPU
		{024C7639-1DD3-4F8E-9AE5-17BB5A26DE00}.Release|Any CPU.Build.0 = Release|Any CPU
	EndGlobalSection
	GlobalSection(SolutionProperties) = preSolution
		HideSolutionNode = FALSE
	EndGlobalSection
	GlobalSection(ExtensibilityGlobals) = postSolution
		SolutionGuid = {E360FF0D-533D-45C4-922F-E522F9F1C0F9}
	EndGlobalSection
EndGlobal
