
Microsoft Visual Studio Solution File, Format Version 12.00
# Visual Studio Version 17
VisualStudioVersion = 17.2.32630.192
MinimumVisualStudioVersion = 10.0.40219.1
Project("{9A19103F-16F7-4668-BE54-9A1E7A4F7556}") = "R5T.L0032.Construction", "R5T.L0032.Construction\R5T.L0032.Construction.csproj", "{9BE75A4B-902D-4900-A338-72605D78AF76}"
EndProject
Project("{9A19103F-16F7-4668-BE54-9A1E7A4F7556}") = "R5T.L0032", "R5T.L0032\R5T.L0032.csproj", "{D6D5C247-423A-4A92-AB27-045769849A2F}"
EndProject
Project("{9A19103F-16F7-4668-BE54-9A1E7A4F7556}") = "R5T.L0032.T000", "R5T.L0032.T000\R5T.L0032.T000.csproj", "{D876EF13-6BC4-4274-A96B-3381323B6D79}"
EndProject
Project("{2150E333-8FDC-42A3-9474-1A3956D46DE8}") = "_Dependencies", "_Dependencies", "{820537D4-E46A-4F23-B086-E4D20DF29199}"
EndProject
Project("{9A19103F-16F7-4668-BE54-9A1E7A4F7556}") = "R5T.F0000", "..\..\R5T.F0000\source\R5T.F0000\R5T.F0000.csproj", "{3AD0805F-1405-4866-BE19-E142058D4B58}"
EndProject
Project("{9A19103F-16F7-4668-BE54-9A1E7A4F7556}") = "R5T.T0131", "..\..\R5T.T0131\source\R5T.T0131\R5T.T0131.csproj", "{36198B9C-C7BD-4E0F-9658-C13E2DE230B9}"
EndProject
Project("{9A19103F-16F7-4668-BE54-9A1E7A4F7556}") = "R5T.T0132", "..\..\R5T.T0132\source\R5T.T0132\R5T.T0132.csproj", "{F469E755-393D-4B83-8843-49A8B449AA9D}"
EndProject
Project("{9A19103F-16F7-4668-BE54-9A1E7A4F7556}") = "R5T.T0142", "..\..\R5T.T0142\source\R5T.T0142\R5T.T0142.csproj", "{10007D14-2DC9-4221-A973-C539CF9C9404}"
EndProject
Project("{9A19103F-16F7-4668-BE54-9A1E7A4F7556}") = "R5T.T0143", "..\..\R5T.T0143\source\R5T.T0143\R5T.T0143.csproj", "{DD68B3B8-5484-41F1-A9E0-764C50D90017}"
EndProject
Project("{9A19103F-16F7-4668-BE54-9A1E7A4F7556}") = "R5T.T0156", "..\..\R5T.T0156\source\R5T.T0156\R5T.T0156.csproj", "{30D3B063-6CEB-43A0-80B2-823383FDE193}"
EndProject
Project("{9A19103F-16F7-4668-BE54-9A1E7A4F7556}") = "R5T.Y0000", "..\..\R5T.Y0000\source\R5T.Y0000\R5T.Y0000.csproj", "{940ADD1E-6F78-4329-8661-C6F88632E05E}"
EndProject
Project("{9A19103F-16F7-4668-BE54-9A1E7A4F7556}") = "R5T.Z0000", "..\..\R5T.Z0000\source\R5T.Z0000\R5T.Z0000.csproj", "{A363EE00-3E36-49B8-8E5D-E74ECF48346F}"
EndProject
Project("{9A19103F-16F7-4668-BE54-9A1E7A4F7556}") = "R5T.T0178", "..\..\R5T.T0178\source\R5T.T0178\R5T.T0178.csproj", "{EA289010-5026-4F81-BA79-CA7799BAC711}"
EndProject
Project("{9A19103F-16F7-4668-BE54-9A1E7A4F7556}") = "R5T.T0179", "..\..\R5T.T0179\source\R5T.T0179\R5T.T0179.csproj", "{3ABC9338-F80C-426A-A36A-2C11496D3B75}"
EndProject
Project("{9A19103F-16F7-4668-BE54-9A1E7A4F7556}") = "R5T.F0002", "..\..\R5T.F0002\source\R5T.F0002\R5T.F0002.csproj", "{F11D6EF9-7F0E-4074-9572-1976CD19FE70}"
EndProject
Project("{9A19103F-16F7-4668-BE54-9A1E7A4F7556}") = "R5T.F0120", "..\..\R5T.F0120\source\R5T.F0120\R5T.F0120.csproj", "{0306283B-A82C-4979-9014-C036E09809F3}"
EndProject
Project("{9A19103F-16F7-4668-BE54-9A1E7A4F7556}") = "R5T.L0030", "..\..\R5T.L0030\source\R5T.L0030\R5T.L0030.csproj", "{A8845497-1FFA-4B73-AD59-7069E4523608}"
EndProject
Project("{9A19103F-16F7-4668-BE54-9A1E7A4F7556}") = "R5T.T0141", "..\..\R5T.T0141\source\R5T.T0141\R5T.T0141.csproj", "{6BFE0EF2-1983-4555-B23B-3D6F79A4A4AD}"
EndProject
Project("{9A19103F-16F7-4668-BE54-9A1E7A4F7556}") = "R5T.T0180", "..\..\R5T.T0180\source\R5T.T0180\R5T.T0180.csproj", "{A19A1EC3-BB68-42A1-8D26-86985A69B437}"
EndProject
Project("{9A19103F-16F7-4668-BE54-9A1E7A4F7556}") = "R5T.T0181", "..\..\R5T.T0181\source\R5T.T0181\R5T.T0181.csproj", "{DA2AA8BA-7E24-43B0-B338-783BF8C5D3BD}"
EndProject
Project("{9A19103F-16F7-4668-BE54-9A1E7A4F7556}") = "R5T.T0172", "..\..\R5T.T0172\source\R5T.T0172\R5T.T0172.csproj", "{BD740C51-CDA8-40DC-B6AF-533E1C09AED0}"
EndProject
Project("{9A19103F-16F7-4668-BE54-9A1E7A4F7556}") = "R5T.L0032.Z000", "R5T.L0032.Z000\R5T.L0032.Z000.csproj", "{A4D0A008-CC6C-4A0E-996E-50CC168F0917}"
EndProject
Project("{9A19103F-16F7-4668-BE54-9A1E7A4F7556}") = "R5T.L0030.T000", "..\..\R5T.L0030\source\R5T.L0030.T000\R5T.L0030.T000.csproj", "{53D3CF11-1210-40A1-8604-A81B8FB7587F}"
EndProject
Global
	GlobalSection(NestedProjects) = preSolution
		{3AD0805F-1405-4866-BE19-E142058D4B58} = {820537D4-E46A-4F23-B086-E4D20DF29199}
		{36198B9C-C7BD-4E0F-9658-C13E2DE230B9} = {820537D4-E46A-4F23-B086-E4D20DF29199}
		{F469E755-393D-4B83-8843-49A8B449AA9D} = {820537D4-E46A-4F23-B086-E4D20DF29199}
		{10007D14-2DC9-4221-A973-C539CF9C9404} = {820537D4-E46A-4F23-B086-E4D20DF29199}
		{DD68B3B8-5484-41F1-A9E0-764C50D90017} = {820537D4-E46A-4F23-B086-E4D20DF29199}
		{30D3B063-6CEB-43A0-80B2-823383FDE193} = {820537D4-E46A-4F23-B086-E4D20DF29199}
		{940ADD1E-6F78-4329-8661-C6F88632E05E} = {820537D4-E46A-4F23-B086-E4D20DF29199}
		{A363EE00-3E36-49B8-8E5D-E74ECF48346F} = {820537D4-E46A-4F23-B086-E4D20DF29199}
		{EA289010-5026-4F81-BA79-CA7799BAC711} = {820537D4-E46A-4F23-B086-E4D20DF29199}
		{3ABC9338-F80C-426A-A36A-2C11496D3B75} = {820537D4-E46A-4F23-B086-E4D20DF29199}
		{F11D6EF9-7F0E-4074-9572-1976CD19FE70} = {820537D4-E46A-4F23-B086-E4D20DF29199}
		{0306283B-A82C-4979-9014-C036E09809F3} = {820537D4-E46A-4F23-B086-E4D20DF29199}
		{A8845497-1FFA-4B73-AD59-7069E4523608} = {820537D4-E46A-4F23-B086-E4D20DF29199}
		{6BFE0EF2-1983-4555-B23B-3D6F79A4A4AD} = {820537D4-E46A-4F23-B086-E4D20DF29199}
		{A19A1EC3-BB68-42A1-8D26-86985A69B437} = {820537D4-E46A-4F23-B086-E4D20DF29199}
		{DA2AA8BA-7E24-43B0-B338-783BF8C5D3BD} = {820537D4-E46A-4F23-B086-E4D20DF29199}
		{BD740C51-CDA8-40DC-B6AF-533E1C09AED0} = {820537D4-E46A-4F23-B086-E4D20DF29199}
		{53D3CF11-1210-40A1-8604-A81B8FB7587F} = {820537D4-E46A-4F23-B086-E4D20DF29199}
	EndGlobalSection
	GlobalSection(SolutionConfigurationPlatforms) = preSolution
		Debug|Any CPU = Debug|Any CPU
		Release|Any CPU = Release|Any CPU
	EndGlobalSection
	GlobalSection(ProjectConfigurationPlatforms) = postSolution
		{9BE75A4B-902D-4900-A338-72605D78AF76}.Debug|Any CPU.ActiveCfg = Debug|Any CPU
		{9BE75A4B-902D-4900-A338-72605D78AF76}.Debug|Any CPU.Build.0 = Debug|Any CPU
		{9BE75A4B-902D-4900-A338-72605D78AF76}.Release|Any CPU.ActiveCfg = Release|Any CPU
		{9BE75A4B-902D-4900-A338-72605D78AF76}.Release|Any CPU.Build.0 = Release|Any CPU
		{D6D5C247-423A-4A92-AB27-045769849A2F}.Debug|Any CPU.ActiveCfg = Debug|Any CPU
		{D6D5C247-423A-4A92-AB27-045769849A2F}.Debug|Any CPU.Build.0 = Debug|Any CPU
		{D6D5C247-423A-4A92-AB27-045769849A2F}.Release|Any CPU.ActiveCfg = Release|Any CPU
		{D6D5C247-423A-4A92-AB27-045769849A2F}.Release|Any CPU.Build.0 = Release|Any CPU
		{D876EF13-6BC4-4274-A96B-3381323B6D79}.Debug|Any CPU.ActiveCfg = Debug|Any CPU
		{D876EF13-6BC4-4274-A96B-3381323B6D79}.Debug|Any CPU.Build.0 = Debug|Any CPU
		{D876EF13-6BC4-4274-A96B-3381323B6D79}.Release|Any CPU.ActiveCfg = Release|Any CPU
		{D876EF13-6BC4-4274-A96B-3381323B6D79}.Release|Any CPU.Build.0 = Release|Any CPU
		{3AD0805F-1405-4866-BE19-E142058D4B58}.Debug|Any CPU.ActiveCfg = Debug|Any CPU
		{3AD0805F-1405-4866-BE19-E142058D4B58}.Debug|Any CPU.Build.0 = Debug|Any CPU
		{3AD0805F-1405-4866-BE19-E142058D4B58}.Release|Any CPU.ActiveCfg = Release|Any CPU
		{3AD0805F-1405-4866-BE19-E142058D4B58}.Release|Any CPU.Build.0 = Release|Any CPU
		{36198B9C-C7BD-4E0F-9658-C13E2DE230B9}.Debug|Any CPU.ActiveCfg = Debug|Any CPU
		{36198B9C-C7BD-4E0F-9658-C13E2DE230B9}.Debug|Any CPU.Build.0 = Debug|Any CPU
		{36198B9C-C7BD-4E0F-9658-C13E2DE230B9}.Release|Any CPU.ActiveCfg = Release|Any CPU
		{36198B9C-C7BD-4E0F-9658-C13E2DE230B9}.Release|Any CPU.Build.0 = Release|Any CPU
		{F469E755-393D-4B83-8843-49A8B449AA9D}.Debug|Any CPU.ActiveCfg = Debug|Any CPU
		{F469E755-393D-4B83-8843-49A8B449AA9D}.Debug|Any CPU.Build.0 = Debug|Any CPU
		{F469E755-393D-4B83-8843-49A8B449AA9D}.Release|Any CPU.ActiveCfg = Release|Any CPU
		{F469E755-393D-4B83-8843-49A8B449AA9D}.Release|Any CPU.Build.0 = Release|Any CPU
		{10007D14-2DC9-4221-A973-C539CF9C9404}.Debug|Any CPU.ActiveCfg = Debug|Any CPU
		{10007D14-2DC9-4221-A973-C539CF9C9404}.Debug|Any CPU.Build.0 = Debug|Any CPU
		{10007D14-2DC9-4221-A973-C539CF9C9404}.Release|Any CPU.ActiveCfg = Release|Any CPU
		{10007D14-2DC9-4221-A973-C539CF9C9404}.Release|Any CPU.Build.0 = Release|Any CPU
		{DD68B3B8-5484-41F1-A9E0-764C50D90017}.Debug|Any CPU.ActiveCfg = Debug|Any CPU
		{DD68B3B8-5484-41F1-A9E0-764C50D90017}.Debug|Any CPU.Build.0 = Debug|Any CPU
		{DD68B3B8-5484-41F1-A9E0-764C50D90017}.Release|Any CPU.ActiveCfg = Release|Any CPU
		{DD68B3B8-5484-41F1-A9E0-764C50D90017}.Release|Any CPU.Build.0 = Release|Any CPU
		{30D3B063-6CEB-43A0-80B2-823383FDE193}.Debug|Any CPU.ActiveCfg = Debug|Any CPU
		{30D3B063-6CEB-43A0-80B2-823383FDE193}.Debug|Any CPU.Build.0 = Debug|Any CPU
		{30D3B063-6CEB-43A0-80B2-823383FDE193}.Release|Any CPU.ActiveCfg = Release|Any CPU
		{30D3B063-6CEB-43A0-80B2-823383FDE193}.Release|Any CPU.Build.0 = Release|Any CPU
		{940ADD1E-6F78-4329-8661-C6F88632E05E}.Debug|Any CPU.ActiveCfg = Debug|Any CPU
		{940ADD1E-6F78-4329-8661-C6F88632E05E}.Debug|Any CPU.Build.0 = Debug|Any CPU
		{940ADD1E-6F78-4329-8661-C6F88632E05E}.Release|Any CPU.ActiveCfg = Release|Any CPU
		{940ADD1E-6F78-4329-8661-C6F88632E05E}.Release|Any CPU.Build.0 = Release|Any CPU
		{A363EE00-3E36-49B8-8E5D-E74ECF48346F}.Debug|Any CPU.ActiveCfg = Debug|Any CPU
		{A363EE00-3E36-49B8-8E5D-E74ECF48346F}.Debug|Any CPU.Build.0 = Debug|Any CPU
		{A363EE00-3E36-49B8-8E5D-E74ECF48346F}.Release|Any CPU.ActiveCfg = Release|Any CPU
		{A363EE00-3E36-49B8-8E5D-E74ECF48346F}.Release|Any CPU.Build.0 = Release|Any CPU
		{EA289010-5026-4F81-BA79-CA7799BAC711}.Debug|Any CPU.ActiveCfg = Debug|Any CPU
		{EA289010-5026-4F81-BA79-CA7799BAC711}.Debug|Any CPU.Build.0 = Debug|Any CPU
		{EA289010-5026-4F81-BA79-CA7799BAC711}.Release|Any CPU.ActiveCfg = Release|Any CPU
		{EA289010-5026-4F81-BA79-CA7799BAC711}.Release|Any CPU.Build.0 = Release|Any CPU
		{3ABC9338-F80C-426A-A36A-2C11496D3B75}.Debug|Any CPU.ActiveCfg = Debug|Any CPU
		{3ABC9338-F80C-426A-A36A-2C11496D3B75}.Debug|Any CPU.Build.0 = Debug|Any CPU
		{3ABC9338-F80C-426A-A36A-2C11496D3B75}.Release|Any CPU.ActiveCfg = Release|Any CPU
		{3ABC9338-F80C-426A-A36A-2C11496D3B75}.Release|Any CPU.Build.0 = Release|Any CPU
		{F11D6EF9-7F0E-4074-9572-1976CD19FE70}.Debug|Any CPU.ActiveCfg = Debug|Any CPU
		{F11D6EF9-7F0E-4074-9572-1976CD19FE70}.Debug|Any CPU.Build.0 = Debug|Any CPU
		{F11D6EF9-7F0E-4074-9572-1976CD19FE70}.Release|Any CPU.ActiveCfg = Release|Any CPU
		{F11D6EF9-7F0E-4074-9572-1976CD19FE70}.Release|Any CPU.Build.0 = Release|Any CPU
		{0306283B-A82C-4979-9014-C036E09809F3}.Debug|Any CPU.ActiveCfg = Debug|Any CPU
		{0306283B-A82C-4979-9014-C036E09809F3}.Debug|Any CPU.Build.0 = Debug|Any CPU
		{0306283B-A82C-4979-9014-C036E09809F3}.Release|Any CPU.ActiveCfg = Release|Any CPU
		{0306283B-A82C-4979-9014-C036E09809F3}.Release|Any CPU.Build.0 = Release|Any CPU
		{A8845497-1FFA-4B73-AD59-7069E4523608}.Debug|Any CPU.ActiveCfg = Debug|Any CPU
		{A8845497-1FFA-4B73-AD59-7069E4523608}.Debug|Any CPU.Build.0 = Debug|Any CPU
		{A8845497-1FFA-4B73-AD59-7069E4523608}.Release|Any CPU.ActiveCfg = Release|Any CPU
		{A8845497-1FFA-4B73-AD59-7069E4523608}.Release|Any CPU.Build.0 = Release|Any CPU
		{6BFE0EF2-1983-4555-B23B-3D6F79A4A4AD}.Debug|Any CPU.ActiveCfg = Debug|Any CPU
		{6BFE0EF2-1983-4555-B23B-3D6F79A4A4AD}.Debug|Any CPU.Build.0 = Debug|Any CPU
		{6BFE0EF2-1983-4555-B23B-3D6F79A4A4AD}.Release|Any CPU.ActiveCfg = Release|Any CPU
		{6BFE0EF2-1983-4555-B23B-3D6F79A4A4AD}.Release|Any CPU.Build.0 = Release|Any CPU
		{A19A1EC3-BB68-42A1-8D26-86985A69B437}.Debug|Any CPU.ActiveCfg = Debug|Any CPU
		{A19A1EC3-BB68-42A1-8D26-86985A69B437}.Debug|Any CPU.Build.0 = Debug|Any CPU
		{A19A1EC3-BB68-42A1-8D26-86985A69B437}.Release|Any CPU.ActiveCfg = Release|Any CPU
		{A19A1EC3-BB68-42A1-8D26-86985A69B437}.Release|Any CPU.Build.0 = Release|Any CPU
		{DA2AA8BA-7E24-43B0-B338-783BF8C5D3BD}.Debug|Any CPU.ActiveCfg = Debug|Any CPU
		{DA2AA8BA-7E24-43B0-B338-783BF8C5D3BD}.Debug|Any CPU.Build.0 = Debug|Any CPU
		{DA2AA8BA-7E24-43B0-B338-783BF8C5D3BD}.Release|Any CPU.ActiveCfg = Release|Any CPU
		{DA2AA8BA-7E24-43B0-B338-783BF8C5D3BD}.Release|Any CPU.Build.0 = Release|Any CPU
		{BD740C51-CDA8-40DC-B6AF-533E1C09AED0}.Debug|Any CPU.ActiveCfg = Debug|Any CPU
		{BD740C51-CDA8-40DC-B6AF-533E1C09AED0}.Debug|Any CPU.Build.0 = Debug|Any CPU
		{BD740C51-CDA8-40DC-B6AF-533E1C09AED0}.Release|Any CPU.ActiveCfg = Release|Any CPU
		{BD740C51-CDA8-40DC-B6AF-533E1C09AED0}.Release|Any CPU.Build.0 = Release|Any CPU
		{A4D0A008-CC6C-4A0E-996E-50CC168F0917}.Debug|Any CPU.ActiveCfg = Debug|Any CPU
		{A4D0A008-CC6C-4A0E-996E-50CC168F0917}.Debug|Any CPU.Build.0 = Debug|Any CPU
		{A4D0A008-CC6C-4A0E-996E-50CC168F0917}.Release|Any CPU.ActiveCfg = Release|Any CPU
		{A4D0A008-CC6C-4A0E-996E-50CC168F0917}.Release|Any CPU.Build.0 = Release|Any CPU
		{53D3CF11-1210-40A1-8604-A81B8FB7587F}.Debug|Any CPU.ActiveCfg = Debug|Any CPU
		{53D3CF11-1210-40A1-8604-A81B8FB7587F}.Debug|Any CPU.Build.0 = Debug|Any CPU
		{53D3CF11-1210-40A1-8604-A81B8FB7587F}.Release|Any CPU.ActiveCfg = Release|Any CPU
		{53D3CF11-1210-40A1-8604-A81B8FB7587F}.Release|Any CPU.Build.0 = Release|Any CPU
	EndGlobalSection
	GlobalSection(SolutionProperties) = preSolution
		HideSolutionNode = FALSE
	EndGlobalSection
	GlobalSection(ExtensibilityGlobals) = postSolution
		SolutionGuid = {E360FF0D-533D-45C4-922F-E522F9F1C0F9}
	EndGlobalSection
EndGlobal
